// !$*UTF8*$!
{
	archiveVersion = 1;
	classes = {
	};
	objectVersion = 50;
	objects = {

/* Begin PBXBuildFile section */
		9608B9AD2223F10F00E1CEAF /* Localizable.strings in Resources */ = {isa = PBXBuildFile; fileRef = 9608B9AB2223F10F00E1CEAF /* Localizable.strings */; };
		9608B9B12224149700E1CEAF /* Strings.swift in Sources */ = {isa = PBXBuildFile; fileRef = 9608B9B02224149700E1CEAF /* Strings.swift */; };
		9608B9C92224364200E1CEAF /* EnvironmentConfiguration.swift in Sources */ = {isa = PBXBuildFile; fileRef = 9608B9C82224364200E1CEAF /* EnvironmentConfiguration.swift */; };
		961A2FD422293AD000A624DC /* Debug.plist in Resources */ = {isa = PBXBuildFile; fileRef = 961A2FD322293AD000A624DC /* Debug.plist */; };
		961A2FD622293AE000A624DC /* Release.plist in Resources */ = {isa = PBXBuildFile; fileRef = 961A2FD522293AE000A624DC /* Release.plist */; };
		961A2FD822293AEA00A624DC /* Common.plist in Resources */ = {isa = PBXBuildFile; fileRef = 961A2FD722293AEA00A624DC /* Common.plist */; };
		961A2FDE22294F4500A624DC /* PlistDocument.swift in Sources */ = {isa = PBXBuildFile; fileRef = 961A2FDD22294F4500A624DC /* PlistDocument.swift */; };
		961A2FE1222988D700A624DC /* AuthenticationService.swift in Sources */ = {isa = PBXBuildFile; fileRef = 961A2FE0222988D700A624DC /* AuthenticationService.swift */; };
		961A2FF12229D44A00A624DC /* LoginViewModel.swift in Sources */ = {isa = PBXBuildFile; fileRef = 961A2FF02229D44A00A624DC /* LoginViewModel.swift */; };
		961A8785223F8B1200846538 /* SettingsViewModel.swift in Sources */ = {isa = PBXBuildFile; fileRef = 961A8784223F8B1200846538 /* SettingsViewModel.swift */; };
		961A8787223F8B3B00846538 /* SettingsViewController.swift in Sources */ = {isa = PBXBuildFile; fileRef = 961A8786223F8B3B00846538 /* SettingsViewController.swift */; };
		961A8789223FFC3300846538 /* UITextField+.swift in Sources */ = {isa = PBXBuildFile; fileRef = 961A8788223FFC3300846538 /* UITextField+.swift */; };
		961A878F2240484200846538 /* Language.swift in Sources */ = {isa = PBXBuildFile; fileRef = 961A878E2240484200846538 /* Language.swift */; };
		961BCE71222C32DD00BD6663 /* SceneCoordinator.swift in Sources */ = {isa = PBXBuildFile; fileRef = 961BCE70222C32DD00BD6663 /* SceneCoordinator.swift */; };
		961BCE79222C3D8E00BD6663 /* GradesUITests.swift in Sources */ = {isa = PBXBuildFile; fileRef = 961BCE78222C3D8E00BD6663 /* GradesUITests.swift */; };
		961BCE81222C515700BD6663 /* GradesAPI.swift in Sources */ = {isa = PBXBuildFile; fileRef = 961BCE80222C515700BD6663 /* GradesAPI.swift */; };
		961FC4F82244118B000A4CDA /* AppDependency.swift in Sources */ = {isa = PBXBuildFile; fileRef = 961FC4F72244118B000A4CDA /* AppDependency.swift */; };
		9639AE662270989B009C35A9 /* ModifableInsetsOnKeyboardFrameChanges.swift in Sources */ = {isa = PBXBuildFile; fileRef = 9639AE642270989B009C35A9 /* ModifableInsetsOnKeyboardFrameChanges.swift */; };
		9639AE672270989C009C35A9 /* KeyboardChangeFrameObserver.swift in Sources */ = {isa = PBXBuildFile; fileRef = 9639AE652270989B009C35A9 /* KeyboardChangeFrameObserver.swift */; };
		963C62842233B7C000B01818 /* HttpService.swift in Sources */ = {isa = PBXBuildFile; fileRef = 963C62832233B7C000B01818 /* HttpService.swift */; };
		963C628B22341FDC00B01818 /* GradesAPIMock.swift in Sources */ = {isa = PBXBuildFile; fileRef = 965807152230099D0065E23D /* GradesAPIMock.swift */; };
		963C628D22342ED300B01818 /* LoginViewModelTests.swift in Sources */ = {isa = PBXBuildFile; fileRef = 963C628C22342ED300B01818 /* LoginViewModelTests.swift */; };
		963C62902234307300B01818 /* EnvironmentConfigurationMock.swift in Sources */ = {isa = PBXBuildFile; fileRef = 963C628F2234307300B01818 /* EnvironmentConfigurationMock.swift */; };
		963C62922234314200B01818 /* SceneCoordinatorMock.swift in Sources */ = {isa = PBXBuildFile; fileRef = 963C62912234314200B01818 /* SceneCoordinatorMock.swift */; };
		963C62942234328900B01818 /* AuthenticationError.swift in Sources */ = {isa = PBXBuildFile; fileRef = 963C62932234328900B01818 /* AuthenticationError.swift */; };
		963C6296223432FD00B01818 /* AuthenticationServiceMock.swift in Sources */ = {isa = PBXBuildFile; fileRef = 963C6295223432FD00B01818 /* AuthenticationServiceMock.swift */; };
		963C62982234542E00B01818 /* HttpServiceMock.swift in Sources */ = {isa = PBXBuildFile; fileRef = 963C62972234542E00B01818 /* HttpServiceMock.swift */; };
		9641816A22477DB50019CABD /* GroupClassificationViewModel.swift in Sources */ = {isa = PBXBuildFile; fileRef = 9641816922477DB50019CABD /* GroupClassificationViewModel.swift */; };
		9641816C22477DFE0019CABD /* GroupClassificationViewController.swift in Sources */ = {isa = PBXBuildFile; fileRef = 9641816B22477DFE0019CABD /* GroupClassificationViewController.swift */; };
		9641816E22478A940019CABD /* TeacherClassificationViewController.swift in Sources */ = {isa = PBXBuildFile; fileRef = 9641816D22478A940019CABD /* TeacherClassificationViewController.swift */; };
		9641817022478C900019CABD /* TeacherClassificationViewModel.swift in Sources */ = {isa = PBXBuildFile; fileRef = 9641816F22478C900019CABD /* TeacherClassificationViewModel.swift */; };
		964181722247A7BB0019CABD /* StudentClassificationViewModel.swift in Sources */ = {isa = PBXBuildFile; fileRef = 964181712247A7BB0019CABD /* StudentClassificationViewModel.swift */; };
		964181782247A83E0019CABD /* StudentClassificationViewController.swift in Sources */ = {isa = PBXBuildFile; fileRef = 964181772247A83E0019CABD /* StudentClassificationViewController.swift */; };
		9641817A2247BE6C0019CABD /* StudentGroup.swift in Sources */ = {isa = PBXBuildFile; fileRef = 964181792247BE6C0019CABD /* StudentGroup.swift */; };
		964181802247C5570019CABD /* TeacherRepository.swift in Sources */ = {isa = PBXBuildFile; fileRef = 9641817F2247C5570019CABD /* TeacherRepository.swift */; };
		964181822247E8B20019CABD /* UIViewController+PickerPresentable.swift in Sources */ = {isa = PBXBuildFile; fileRef = 964181812247E8B20019CABD /* UIViewController+PickerPresentable.swift */; };
		96447793224249CD00E960F4 /* UIPickerLabel.swift in Sources */ = {isa = PBXBuildFile; fileRef = 96447792224249CD00E960F4 /* UIPickerLabel.swift */; };
		9644779522427B3100E960F4 /* UIViewController+ConfirmationModal.swift in Sources */ = {isa = PBXBuildFile; fileRef = 9644779422427B3100E960F4 /* UIViewController+ConfirmationModal.swift */; };
		96520E952223D65F00AB6499 /* AppDelegate.swift in Sources */ = {isa = PBXBuildFile; fileRef = 96520E942223D65F00AB6499 /* AppDelegate.swift */; };
		96520E972223D65F00AB6499 /* LoginViewController.swift in Sources */ = {isa = PBXBuildFile; fileRef = 96520E962223D65F00AB6499 /* LoginViewController.swift */; };
		96520E9A2223D65F00AB6499 /* Main.storyboard in Resources */ = {isa = PBXBuildFile; fileRef = 96520E982223D65F00AB6499 /* Main.storyboard */; };
		96520E9C2223D66000AB6499 /* Assets.xcassets in Resources */ = {isa = PBXBuildFile; fileRef = 96520E9B2223D66000AB6499 /* Assets.xcassets */; };
		96520E9F2223D66000AB6499 /* LaunchScreen.storyboard in Resources */ = {isa = PBXBuildFile; fileRef = 96520E9D2223D66000AB6499 /* LaunchScreen.storyboard */; };
		9654A4F7224641A000778ED1 /* CoursesRepository.swift in Sources */ = {isa = PBXBuildFile; fileRef = 9654A4F6224641A000778ED1 /* CoursesRepository.swift */; };
		9654A4F922469AFE00778ED1 /* ConfigurableCell.swift in Sources */ = {isa = PBXBuildFile; fileRef = 9654A4F822469AFE00778ED1 /* ConfigurableCell.swift */; };
		9654A4FB22469D0500778ED1 /* StudentCourseCell.swift in Sources */ = {isa = PBXBuildFile; fileRef = 9654A4FA22469D0500778ED1 /* StudentCourseCell.swift */; };
		9654A4FD2246A02200778ED1 /* TeacherCourseCell.swift in Sources */ = {isa = PBXBuildFile; fileRef = 9654A4FC2246A02200778ED1 /* TeacherCourseCell.swift */; };
		96580714222FFA810065E23D /* CourseListViewModelTests.swift in Sources */ = {isa = PBXBuildFile; fileRef = 96580713222FFA810065E23D /* CourseListViewModelTests.swift */; };
		9658071922304B420065E23D /* Action.framework in Frameworks */ = {isa = PBXBuildFile; fileRef = 9658071822304B420065E23D /* Action.framework */; };
		965ADAEB223569C500AA8CF4 /* CourseListCell.swift in Sources */ = {isa = PBXBuildFile; fileRef = 965ADAEA223569C500AA8CF4 /* CourseListCell.swift */; };
		965ADAF32235976300AA8CF4 /* Result.swift in Sources */ = {isa = PBXBuildFile; fileRef = 965ADAF22235976300AA8CF4 /* Result.swift */; };
		966ABB57222D986A007DD046 /* Course.swift in Sources */ = {isa = PBXBuildFile; fileRef = 966ABB56222D986A007DD046 /* Course.swift */; };
		966ABB59222DA2DF007DD046 /* User.swift in Sources */ = {isa = PBXBuildFile; fileRef = 966ABB58222DA2DF007DD046 /* User.swift */; };
		967D1E512223E20B007E5217 /* SnapKit.framework in Frameworks */ = {isa = PBXBuildFile; fileRef = 967D1E402223DDD3007E5217 /* SnapKit.framework */; };
		9682A6BB222D1EAA00773E28 /* RxSwift.framework in Frameworks */ = {isa = PBXBuildFile; fileRef = 96861076222AAE6C0069B81B /* RxSwift.framework */; };
		9682A6BC222D1EAA00773E28 /* RxTest.framework in Frameworks */ = {isa = PBXBuildFile; fileRef = 9682A6A7222D19E800773E28 /* RxTest.framework */; };
		9682A6BE222D1F7600773E28 /* CourseListViewModel.swift in Sources */ = {isa = PBXBuildFile; fileRef = 9682A6BD222D1F7600773E28 /* CourseListViewModel.swift */; };
		9682E5802266253100687A66 /* DynamicValueCellViewModel.swift in Sources */ = {isa = PBXBuildFile; fileRef = 9682E57F2266253100687A66 /* DynamicValueCellViewModel.swift */; };
		96861070222AA4550069B81B /* BaseViewController.swift in Sources */ = {isa = PBXBuildFile; fileRef = 9686106F222AA4550069B81B /* BaseViewController.swift */; };
		96861073222AA55F0069B81B /* UIColor+.swift in Sources */ = {isa = PBXBuildFile; fileRef = 96861072222AA55F0069B81B /* UIColor+.swift */; };
		96861077222AAE6C0069B81B /* RxSwift.framework in Frameworks */ = {isa = PBXBuildFile; fileRef = 96861076222AAE6C0069B81B /* RxSwift.framework */; };
		96861079222AAE6F0069B81B /* RxCocoa.framework in Frameworks */ = {isa = PBXBuildFile; fileRef = 96861078222AAE6F0069B81B /* RxCocoa.framework */; };
		9686107C222AAED50069B81B /* UIPrimaryButton.swift in Sources */ = {isa = PBXBuildFile; fileRef = 9686107B222AAED50069B81B /* UIPrimaryButton.swift */; };
		9686107E222AB4D40069B81B /* UIView+.swift in Sources */ = {isa = PBXBuildFile; fileRef = 9686107D222AB4D40069B81B /* UIView+.swift */; };
		96861080222AEC680069B81B /* UIFont+.swift in Sources */ = {isa = PBXBuildFile; fileRef = 9686107F222AEC680069B81B /* UIFont+.swift */; };
		96861082222AEFE60069B81B /* Scene.swift in Sources */ = {isa = PBXBuildFile; fileRef = 96861081222AEFE60069B81B /* Scene.swift */; };
		96861085222AF2630069B81B /* BindableType.swift in Sources */ = {isa = PBXBuildFile; fileRef = 96861084222AF2630069B81B /* BindableType.swift */; };
		96861089222B1A8C0069B81B /* SceneCoordinatorType.swift in Sources */ = {isa = PBXBuildFile; fileRef = 96861088222B1A8C0069B81B /* SceneCoordinatorType.swift */; };
		9686108B222B1B210069B81B /* SceneTransitionType.swift in Sources */ = {isa = PBXBuildFile; fileRef = 9686108A222B1B210069B81B /* SceneTransitionType.swift */; };
		968D05BA2261E917003F7D49 /* TablePickerViewModel.swift in Sources */ = {isa = PBXBuildFile; fileRef = 968D05B92261E917003F7D49 /* TablePickerViewModel.swift */; };
		968D05BC2261EDF6003F7D49 /* CellItemType.swift in Sources */ = {isa = PBXBuildFile; fileRef = 968D05BB2261EDF6003F7D49 /* CellItemType.swift */; };
		968D05BE2261F289003F7D49 /* TableSection.swift in Sources */ = {isa = PBXBuildFile; fileRef = 968D05BD2261F289003F7D49 /* TableSection.swift */; };
		968D05C222625CC2003F7D49 /* StudentClassification.swift in Sources */ = {isa = PBXBuildFile; fileRef = 968D05C122625CC2003F7D49 /* StudentClassification.swift */; };
		968D05C422637F36003F7D49 /* DynamicValueCell.swift in Sources */ = {isa = PBXBuildFile; fileRef = 968D05C322637F36003F7D49 /* DynamicValueCell.swift */; };
		969398AB2226DC7600841818 /* OAuthSwift.framework in Frameworks */ = {isa = PBXBuildFile; fileRef = 969398A92226D4A700841818 /* OAuthSwift.framework */; };
		96939EDD223AD8A500A49E57 /* Double+.swift in Sources */ = {isa = PBXBuildFile; fileRef = 96939EDC223AD8A500A49E57 /* Double+.swift */; };
		96939EE1223B970600A49E57 /* CourseRepositoryTests.swift in Sources */ = {isa = PBXBuildFile; fileRef = 96939EE0223B970600A49E57 /* CourseRepositoryTests.swift */; };
		96939EE4223B98BA00A49E57 /* CourseStudent.swift in Sources */ = {isa = PBXBuildFile; fileRef = 96939EE3223B98BA00A49E57 /* CourseStudent.swift */; };
		96939EE6223BB97500A49E57 /* ClassificationType.swift in Sources */ = {isa = PBXBuildFile; fileRef = 96939EE5223BB97500A49E57 /* ClassificationType.swift */; };
		96939EE7223BC61900A49E57 /* RxBlocking.framework in Frameworks */ = {isa = PBXBuildFile; fileRef = 961789302232F65D007006E8 /* RxBlocking.framework */; };
		96939EEB223BDAE600A49E57 /* ActivityIndicator.swift in Sources */ = {isa = PBXBuildFile; fileRef = 96939EEA223BDAE600A49E57 /* ActivityIndicator.swift */; };
		96939EEC223BDCCC00A49E57 /* RxAtomic.framework in Frameworks */ = {isa = PBXBuildFile; fileRef = 9658071A22304D5B0065E23D /* RxAtomic.framework */; };
		96939EED223C09A100A49E57 /* CocoaAsyncSocket.framework in Frameworks */ = {isa = PBXBuildFile; fileRef = 9614CF0F2228687400FB4A05 /* CocoaAsyncSocket.framework */; };
		96939EEE223C09A400A49E57 /* Bagel.framework in Frameworks */ = {isa = PBXBuildFile; fileRef = 9614CF0D2228669F00FB4A05 /* Bagel.framework */; };
		96939EF0223C1FEE00A49E57 /* Unwrap+.swift in Sources */ = {isa = PBXBuildFile; fileRef = 96939EEF223C1FEE00A49E57 /* Unwrap+.swift */; };
		96939EF4223C274C00A49E57 /* CourseStudentRepositoryMock.swift in Sources */ = {isa = PBXBuildFile; fileRef = 96939EF3223C274C00A49E57 /* CourseStudentRepositoryMock.swift */; };
		9699AB99223256D2006D2F73 /* OverviewItem.swift in Sources */ = {isa = PBXBuildFile; fileRef = 9699AB98223256D2006D2F73 /* OverviewItem.swift */; };
		9699AB9C22326512006D2F73 /* Log.swift in Sources */ = {isa = PBXBuildFile; fileRef = 9699AB9B22326512006D2F73 /* Log.swift */; };
		9699ABA22232902A006D2F73 /* ToastSwiftFramework.framework in Frameworks */ = {isa = PBXBuildFile; fileRef = 9699ABA12232902A006D2F73 /* ToastSwiftFramework.framework */; };
		9699ABA42232A2C7006D2F73 /* ApiError.swift in Sources */ = {isa = PBXBuildFile; fileRef = 9699ABA32232A2C7006D2F73 /* ApiError.swift */; };
		9699ABA82232C091006D2F73 /* UIView+Rx.swift in Sources */ = {isa = PBXBuildFile; fileRef = 9699ABA72232C091006D2F73 /* UIView+Rx.swift */; };
		96A80A6F222F191F00986A90 /* RxDataSources.framework in Frameworks */ = {isa = PBXBuildFile; fileRef = 96A80A6E222F191F00986A90 /* RxDataSources.framework */; };
		96A80A71222F1B3000986A90 /* Differentiator.framework in Frameworks */ = {isa = PBXBuildFile; fileRef = 96A80A70222F1B3000986A90 /* Differentiator.framework */; };
		96A80A75222F1D0400986A90 /* CourseListViewController.swift in Sources */ = {isa = PBXBuildFile; fileRef = 96A80A74222F1D0400986A90 /* CourseListViewController.swift */; };
		96B20DA32236692E004794BE /* CourseDetailStudentViewModel.swift in Sources */ = {isa = PBXBuildFile; fileRef = 96B20DA22236692E004794BE /* CourseDetailStudentViewModel.swift */; };
		96B20DA5223669CC004794BE /* CourseDetailStudentViewController.swift in Sources */ = {isa = PBXBuildFile; fileRef = 96B20DA4223669CC004794BE /* CourseDetailStudentViewController.swift */; };
		96B20DA72236C838004794BE /* UINavigationBar+.swift in Sources */ = {isa = PBXBuildFile; fileRef = 96B20DA62236C838004794BE /* UINavigationBar+.swift */; };
		96B20DAB2236CEA9004794BE /* CAGradeintLayer+.swift in Sources */ = {isa = PBXBuildFile; fileRef = 96B20DAA2236CEA9004794BE /* CAGradeintLayer+.swift */; };
		96B20DAD2236DE64004794BE /* UINavigationController+.swift in Sources */ = {isa = PBXBuildFile; fileRef = 96B20DAC2236DE64004794BE /* UINavigationController+.swift */; };
		96B49FAA223EBF8E00B23A5B /* Settings.swift in Sources */ = {isa = PBXBuildFile; fileRef = 96B49FA9223EBF8E00B23A5B /* Settings.swift */; };
		96B49FAC223EC1C500B23A5B /* SettingsRepository.swift in Sources */ = {isa = PBXBuildFile; fileRef = 96B49FAB223EC1C500B23A5B /* SettingsRepository.swift */; };
		96C0A841226C784C00AE733A /* StudentSearchViewModel.swift in Sources */ = {isa = PBXBuildFile; fileRef = 96C0A840226C784C00AE733A /* StudentSearchViewModel.swift */; };
		96C0A843226C78DC00AE733A /* StudentSearchViewController.swift in Sources */ = {isa = PBXBuildFile; fileRef = 96C0A842226C78DC00AE733A /* StudentSearchViewController.swift */; };
		96C0A845226C832D00AE733A /* UserCell.swift in Sources */ = {isa = PBXBuildFile; fileRef = 96C0A844226C832D00AE733A /* UserCell.swift */; };
		96C0A847226C83D400AE733A /* BasicCell.swift in Sources */ = {isa = PBXBuildFile; fileRef = 96C0A846226C83D400AE733A /* BasicCell.swift */; };
		96C0A84B226CDA7C00AE733A /* StudentSearchViewModelTests.swift in Sources */ = {isa = PBXBuildFile; fileRef = 96C0A84A226CDA7C00AE733A /* StudentSearchViewModelTests.swift */; };
		96C569A22268D99A00B16A7C /* StudentClassificationViewModelTests.swift in Sources */ = {isa = PBXBuildFile; fileRef = 96C569A12268D99A00B16A7C /* StudentClassificationViewModelTests.swift */; };
		96C569A42268E2E900B16A7C /* UISecondaryButton.swift in Sources */ = {isa = PBXBuildFile; fileRef = 96C569A32268E2E900B16A7C /* UISecondaryButton.swift */; };
		96C569A62268E4AF00B16A7C /* UIGradingOverview.swift in Sources */ = {isa = PBXBuildFile; fileRef = 96C569A52268E4AF00B16A7C /* UIGradingOverview.swift */; };
		96C569A8226B0A9300B16A7C /* TableDataSource.swift in Sources */ = {isa = PBXBuildFile; fileRef = 96C569A7226B0A9300B16A7C /* TableDataSource.swift */; };
		96C569AA226B18B800B16A7C /* DynamicValueFieldArrayViewModelProtocol.swift in Sources */ = {isa = PBXBuildFile; fileRef = 96C569A9226B18B800B16A7C /* DynamicValueFieldArrayViewModelProtocol.swift */; };
		96C569AC226B623600B16A7C /* DynamicValueCellViewModelTests.swift in Sources */ = {isa = PBXBuildFile; fileRef = 96C569AB226B623600B16A7C /* DynamicValueCellViewModelTests.swift */; };
		96C7B9CA226069FA00E39F9A /* CoursesRepositoryTests.swift in Sources */ = {isa = PBXBuildFile; fileRef = 96C7B9C9226069FA00E39F9A /* CoursesRepositoryTests.swift */; };
		96C87472224BEDA9009FB47F /* CoursesRepositoryMock.swift in Sources */ = {isa = PBXBuildFile; fileRef = 96C87471224BEDA9009FB47F /* CoursesRepositoryMock.swift */; };
		96E8C642224BE60C005F32F8 /* AppDependencyMock.swift in Sources */ = {isa = PBXBuildFile; fileRef = 96E8C641224BE60C005F32F8 /* AppDependencyMock.swift */; };
		96E8C644224BE8BA005F32F8 /* SettingsRepositoryMock.swift in Sources */ = {isa = PBXBuildFile; fileRef = 96E8C643224BE8BA005F32F8 /* SettingsRepositoryMock.swift */; };
		96F3A3732239080B00FB63EF /* BaseViewModel.swift in Sources */ = {isa = PBXBuildFile; fileRef = 96F3A3722239080B00FB63EF /* BaseViewModel.swift */; };
		96F3A37922390F6800FB63EF /* CourseStudent.swift in Sources */ = {isa = PBXBuildFile; fileRef = 96F3A37822390F6800FB63EF /* CourseStudent.swift */; };
		96F3A37B22390FF200FB63EF /* Classification.swift in Sources */ = {isa = PBXBuildFile; fileRef = 96F3A37A22390FF200FB63EF /* Classification.swift */; };
		96F3A37D2239124F00FB63EF /* CourseRepository.swift in Sources */ = {isa = PBXBuildFile; fileRef = 96F3A37C2239124F00FB63EF /* CourseRepository.swift */; };
		96F3A3812239A84F00FB63EF /* DynamicValue.swift in Sources */ = {isa = PBXBuildFile; fileRef = 96F3A3802239A84F00FB63EF /* DynamicValue.swift */; };
		96F3A3832239B02E00FB63EF /* ClassificationCell.swift in Sources */ = {isa = PBXBuildFile; fileRef = 96F3A3822239B02E00FB63EF /* ClassificationCell.swift */; };
		96F3A3852239B4B200FB63EF /* BaseTableViewController.swift in Sources */ = {isa = PBXBuildFile; fileRef = 96F3A3842239B4B200FB63EF /* BaseTableViewController.swift */; };
/* End PBXBuildFile section */

/* Begin PBXContainerItemProxy section */
		961BCE7B222C3D8E00BD6663 /* PBXContainerItemProxy */ = {
			isa = PBXContainerItemProxy;
			containerPortal = 96520E892223D65F00AB6499 /* Project object */;
			proxyType = 1;
			remoteGlobalIDString = 96520E902223D65F00AB6499;
			remoteInfo = Grades;
		};
		9682A6B2222D1ABC00773E28 /* PBXContainerItemProxy */ = {
			isa = PBXContainerItemProxy;
			containerPortal = 96520E892223D65F00AB6499 /* Project object */;
			proxyType = 1;
			remoteGlobalIDString = 96520E902223D65F00AB6499;
			remoteInfo = Grades;
		};
/* End PBXContainerItemProxy section */

/* Begin PBXFileReference section */
		9608B9B02224149700E1CEAF /* Strings.swift */ = {isa = PBXFileReference; lastKnownFileType = sourcecode.swift; path = Strings.swift; sourceTree = "<group>"; };
		9608B9BD22241B9100E1CEAF /* en */ = {isa = PBXFileReference; lastKnownFileType = text.plist.strings; name = en; path = en.lproj/Localizable.strings; sourceTree = "<group>"; };
		9608B9BE22241BCD00E1CEAF /* cs */ = {isa = PBXFileReference; lastKnownFileType = text.plist.strings; name = cs; path = cs.lproj/Localizable.strings; sourceTree = "<group>"; };
		9608B9BF22241BDC00E1CEAF /* en */ = {isa = PBXFileReference; lastKnownFileType = file.storyboard; name = en; path = en.lproj/Main.storyboard; sourceTree = "<group>"; };
		9608B9C022241BE000E1CEAF /* en */ = {isa = PBXFileReference; lastKnownFileType = file.storyboard; name = en; path = en.lproj/LaunchScreen.storyboard; sourceTree = "<group>"; };
		9608B9C82224364200E1CEAF /* EnvironmentConfiguration.swift */ = {isa = PBXFileReference; lastKnownFileType = sourcecode.swift; path = EnvironmentConfiguration.swift; sourceTree = "<group>"; };
		9614CF0D2228669F00FB4A05 /* Bagel.framework */ = {isa = PBXFileReference; lastKnownFileType = wrapper.framework; name = Bagel.framework; path = Carthage/Build/iOS/Bagel.framework; sourceTree = "<group>"; };
		9614CF0F2228687400FB4A05 /* CocoaAsyncSocket.framework */ = {isa = PBXFileReference; lastKnownFileType = wrapper.framework; name = CocoaAsyncSocket.framework; path = Carthage/Build/iOS/CocoaAsyncSocket.framework; sourceTree = "<group>"; };
		961789302232F65D007006E8 /* RxBlocking.framework */ = {isa = PBXFileReference; lastKnownFileType = wrapper.framework; name = RxBlocking.framework; path = Carthage/Build/iOS/RxBlocking.framework; sourceTree = "<group>"; };
		961A2FD322293AD000A624DC /* Debug.plist */ = {isa = PBXFileReference; lastKnownFileType = text.plist.xml; path = Debug.plist; sourceTree = "<group>"; };
		961A2FD522293AE000A624DC /* Release.plist */ = {isa = PBXFileReference; lastKnownFileType = text.plist.xml; path = Release.plist; sourceTree = "<group>"; };
		961A2FD722293AEA00A624DC /* Common.plist */ = {isa = PBXFileReference; lastKnownFileType = text.plist.xml; path = Common.plist; sourceTree = "<group>"; };
		961A2FDD22294F4500A624DC /* PlistDocument.swift */ = {isa = PBXFileReference; lastKnownFileType = sourcecode.swift; path = PlistDocument.swift; sourceTree = "<group>"; };
		961A2FE0222988D700A624DC /* AuthenticationService.swift */ = {isa = PBXFileReference; lastKnownFileType = sourcecode.swift; path = AuthenticationService.swift; sourceTree = "<group>"; };
		961A2FF02229D44A00A624DC /* LoginViewModel.swift */ = {isa = PBXFileReference; lastKnownFileType = sourcecode.swift; path = LoginViewModel.swift; sourceTree = "<group>"; };
		961A8784223F8B1200846538 /* SettingsViewModel.swift */ = {isa = PBXFileReference; lastKnownFileType = sourcecode.swift; path = SettingsViewModel.swift; sourceTree = "<group>"; };
		961A8786223F8B3B00846538 /* SettingsViewController.swift */ = {isa = PBXFileReference; lastKnownFileType = sourcecode.swift; path = SettingsViewController.swift; sourceTree = "<group>"; };
		961A8788223FFC3300846538 /* UITextField+.swift */ = {isa = PBXFileReference; lastKnownFileType = sourcecode.swift; path = "UITextField+.swift"; sourceTree = "<group>"; };
		961A878E2240484200846538 /* Language.swift */ = {isa = PBXFileReference; lastKnownFileType = sourcecode.swift; path = Language.swift; sourceTree = "<group>"; };
		961BCE70222C32DD00BD6663 /* SceneCoordinator.swift */ = {isa = PBXFileReference; lastKnownFileType = sourcecode.swift; path = SceneCoordinator.swift; sourceTree = "<group>"; };
		961BCE76222C3D8E00BD6663 /* GradesUITests.xctest */ = {isa = PBXFileReference; explicitFileType = wrapper.cfbundle; includeInIndex = 0; path = GradesUITests.xctest; sourceTree = BUILT_PRODUCTS_DIR; };
		961BCE78222C3D8E00BD6663 /* GradesUITests.swift */ = {isa = PBXFileReference; lastKnownFileType = sourcecode.swift; path = GradesUITests.swift; sourceTree = "<group>"; };
		961BCE7A222C3D8E00BD6663 /* Info.plist */ = {isa = PBXFileReference; lastKnownFileType = text.plist.xml; path = Info.plist; sourceTree = "<group>"; };
		961BCE80222C515700BD6663 /* GradesAPI.swift */ = {isa = PBXFileReference; lastKnownFileType = sourcecode.swift; path = GradesAPI.swift; sourceTree = "<group>"; };
		961FC4F72244118B000A4CDA /* AppDependency.swift */ = {isa = PBXFileReference; lastKnownFileType = sourcecode.swift; path = AppDependency.swift; sourceTree = "<group>"; };
		9639AE642270989B009C35A9 /* ModifableInsetsOnKeyboardFrameChanges.swift */ = {isa = PBXFileReference; fileEncoding = 4; lastKnownFileType = sourcecode.swift; path = ModifableInsetsOnKeyboardFrameChanges.swift; sourceTree = "<group>"; };
		9639AE652270989B009C35A9 /* KeyboardChangeFrameObserver.swift */ = {isa = PBXFileReference; fileEncoding = 4; lastKnownFileType = sourcecode.swift; path = KeyboardChangeFrameObserver.swift; sourceTree = "<group>"; };
		963C62832233B7C000B01818 /* HttpService.swift */ = {isa = PBXFileReference; lastKnownFileType = sourcecode.swift; path = HttpService.swift; sourceTree = "<group>"; };
		963C628C22342ED300B01818 /* LoginViewModelTests.swift */ = {isa = PBXFileReference; lastKnownFileType = sourcecode.swift; path = LoginViewModelTests.swift; sourceTree = "<group>"; };
		963C628F2234307300B01818 /* EnvironmentConfigurationMock.swift */ = {isa = PBXFileReference; lastKnownFileType = sourcecode.swift; path = EnvironmentConfigurationMock.swift; sourceTree = "<group>"; };
		963C62912234314200B01818 /* SceneCoordinatorMock.swift */ = {isa = PBXFileReference; lastKnownFileType = sourcecode.swift; path = SceneCoordinatorMock.swift; sourceTree = "<group>"; };
		963C62932234328900B01818 /* AuthenticationError.swift */ = {isa = PBXFileReference; lastKnownFileType = sourcecode.swift; path = AuthenticationError.swift; sourceTree = "<group>"; };
		963C6295223432FD00B01818 /* AuthenticationServiceMock.swift */ = {isa = PBXFileReference; lastKnownFileType = sourcecode.swift; path = AuthenticationServiceMock.swift; sourceTree = "<group>"; };
		963C62972234542E00B01818 /* HttpServiceMock.swift */ = {isa = PBXFileReference; lastKnownFileType = sourcecode.swift; path = HttpServiceMock.swift; sourceTree = "<group>"; };
		9641816922477DB50019CABD /* GroupClassificationViewModel.swift */ = {isa = PBXFileReference; lastKnownFileType = sourcecode.swift; path = GroupClassificationViewModel.swift; sourceTree = "<group>"; };
		9641816B22477DFE0019CABD /* GroupClassificationViewController.swift */ = {isa = PBXFileReference; lastKnownFileType = sourcecode.swift; path = GroupClassificationViewController.swift; sourceTree = "<group>"; };
		9641816D22478A940019CABD /* TeacherClassificationViewController.swift */ = {isa = PBXFileReference; lastKnownFileType = sourcecode.swift; path = TeacherClassificationViewController.swift; sourceTree = "<group>"; };
		9641816F22478C900019CABD /* TeacherClassificationViewModel.swift */ = {isa = PBXFileReference; lastKnownFileType = sourcecode.swift; path = TeacherClassificationViewModel.swift; sourceTree = "<group>"; };
		964181712247A7BB0019CABD /* StudentClassificationViewModel.swift */ = {isa = PBXFileReference; lastKnownFileType = sourcecode.swift; path = StudentClassificationViewModel.swift; sourceTree = "<group>"; };
		964181772247A83E0019CABD /* StudentClassificationViewController.swift */ = {isa = PBXFileReference; lastKnownFileType = sourcecode.swift; path = StudentClassificationViewController.swift; sourceTree = "<group>"; };
		964181792247BE6C0019CABD /* StudentGroup.swift */ = {isa = PBXFileReference; lastKnownFileType = sourcecode.swift; path = StudentGroup.swift; sourceTree = "<group>"; };
		9641817F2247C5570019CABD /* TeacherRepository.swift */ = {isa = PBXFileReference; lastKnownFileType = sourcecode.swift; path = TeacherRepository.swift; sourceTree = "<group>"; };
		964181812247E8B20019CABD /* UIViewController+PickerPresentable.swift */ = {isa = PBXFileReference; lastKnownFileType = sourcecode.swift; path = "UIViewController+PickerPresentable.swift"; sourceTree = "<group>"; };
		96447792224249CD00E960F4 /* UIPickerLabel.swift */ = {isa = PBXFileReference; lastKnownFileType = sourcecode.swift; path = UIPickerLabel.swift; sourceTree = "<group>"; };
		9644779422427B3100E960F4 /* UIViewController+ConfirmationModal.swift */ = {isa = PBXFileReference; lastKnownFileType = sourcecode.swift; path = "UIViewController+ConfirmationModal.swift"; sourceTree = "<group>"; };
		96520E912223D65F00AB6499 /* GradesDev.app */ = {isa = PBXFileReference; explicitFileType = wrapper.application; includeInIndex = 0; path = GradesDev.app; sourceTree = BUILT_PRODUCTS_DIR; };
		96520E942223D65F00AB6499 /* AppDelegate.swift */ = {isa = PBXFileReference; lastKnownFileType = sourcecode.swift; path = AppDelegate.swift; sourceTree = "<group>"; };
		96520E962223D65F00AB6499 /* LoginViewController.swift */ = {isa = PBXFileReference; lastKnownFileType = sourcecode.swift; path = LoginViewController.swift; sourceTree = "<group>"; };
		96520E9B2223D66000AB6499 /* Assets.xcassets */ = {isa = PBXFileReference; lastKnownFileType = folder.assetcatalog; path = Assets.xcassets; sourceTree = "<group>"; };
		96520EA02223D66000AB6499 /* Info.plist */ = {isa = PBXFileReference; lastKnownFileType = text.plist.xml; path = Info.plist; sourceTree = "<group>"; };
		9654A4F6224641A000778ED1 /* CoursesRepository.swift */ = {isa = PBXFileReference; lastKnownFileType = sourcecode.swift; path = CoursesRepository.swift; sourceTree = "<group>"; };
		9654A4F822469AFE00778ED1 /* ConfigurableCell.swift */ = {isa = PBXFileReference; lastKnownFileType = sourcecode.swift; path = ConfigurableCell.swift; sourceTree = "<group>"; };
		9654A4FA22469D0500778ED1 /* StudentCourseCell.swift */ = {isa = PBXFileReference; lastKnownFileType = sourcecode.swift; path = StudentCourseCell.swift; sourceTree = "<group>"; };
		9654A4FC2246A02200778ED1 /* TeacherCourseCell.swift */ = {isa = PBXFileReference; lastKnownFileType = sourcecode.swift; path = TeacherCourseCell.swift; sourceTree = "<group>"; };
		96580713222FFA810065E23D /* CourseListViewModelTests.swift */ = {isa = PBXFileReference; lastKnownFileType = sourcecode.swift; path = CourseListViewModelTests.swift; sourceTree = "<group>"; };
		965807152230099D0065E23D /* GradesAPIMock.swift */ = {isa = PBXFileReference; lastKnownFileType = sourcecode.swift; path = GradesAPIMock.swift; sourceTree = "<group>"; };
		9658071822304B420065E23D /* Action.framework */ = {isa = PBXFileReference; lastKnownFileType = wrapper.framework; name = Action.framework; path = Carthage/Build/iOS/Action.framework; sourceTree = "<group>"; };
		9658071A22304D5B0065E23D /* RxAtomic.framework */ = {isa = PBXFileReference; lastKnownFileType = wrapper.framework; name = RxAtomic.framework; path = Carthage/Build/iOS/RxAtomic.framework; sourceTree = "<group>"; };
		965ADAEA223569C500AA8CF4 /* CourseListCell.swift */ = {isa = PBXFileReference; lastKnownFileType = sourcecode.swift; path = CourseListCell.swift; sourceTree = "<group>"; };
		965ADAF22235976300AA8CF4 /* Result.swift */ = {isa = PBXFileReference; lastKnownFileType = sourcecode.swift; path = Result.swift; sourceTree = "<group>"; };
		966ABB56222D986A007DD046 /* Course.swift */ = {isa = PBXFileReference; lastKnownFileType = sourcecode.swift; path = Course.swift; sourceTree = "<group>"; };
		966ABB58222DA2DF007DD046 /* User.swift */ = {isa = PBXFileReference; lastKnownFileType = sourcecode.swift; path = User.swift; sourceTree = "<group>"; };
		967D1E402223DDD3007E5217 /* SnapKit.framework */ = {isa = PBXFileReference; lastKnownFileType = wrapper.framework; name = SnapKit.framework; path = Carthage/Build/iOS/SnapKit.framework; sourceTree = "<group>"; };
		9682A6A7222D19E800773E28 /* RxTest.framework */ = {isa = PBXFileReference; lastKnownFileType = wrapper.framework; name = RxTest.framework; path = Carthage/Build/iOS/RxTest.framework; sourceTree = "<group>"; };
		9682A6AD222D1ABC00773E28 /* GradesTests.xctest */ = {isa = PBXFileReference; explicitFileType = wrapper.cfbundle; includeInIndex = 0; path = GradesTests.xctest; sourceTree = BUILT_PRODUCTS_DIR; };
		9682A6B1222D1ABC00773E28 /* Info.plist */ = {isa = PBXFileReference; lastKnownFileType = text.plist.xml; path = Info.plist; sourceTree = "<group>"; };
		9682A6BD222D1F7600773E28 /* CourseListViewModel.swift */ = {isa = PBXFileReference; lastKnownFileType = sourcecode.swift; path = CourseListViewModel.swift; sourceTree = "<group>"; };
		9682E57F2266253100687A66 /* DynamicValueCellViewModel.swift */ = {isa = PBXFileReference; lastKnownFileType = sourcecode.swift; path = DynamicValueCellViewModel.swift; sourceTree = "<group>"; };
		9686106F222AA4550069B81B /* BaseViewController.swift */ = {isa = PBXFileReference; lastKnownFileType = sourcecode.swift; path = BaseViewController.swift; sourceTree = "<group>"; };
		96861072222AA55F0069B81B /* UIColor+.swift */ = {isa = PBXFileReference; lastKnownFileType = sourcecode.swift; path = "UIColor+.swift"; sourceTree = "<group>"; };
		96861076222AAE6C0069B81B /* RxSwift.framework */ = {isa = PBXFileReference; lastKnownFileType = wrapper.framework; name = RxSwift.framework; path = Carthage/Build/iOS/RxSwift.framework; sourceTree = "<group>"; };
		96861078222AAE6F0069B81B /* RxCocoa.framework */ = {isa = PBXFileReference; lastKnownFileType = wrapper.framework; name = RxCocoa.framework; path = Carthage/Build/iOS/RxCocoa.framework; sourceTree = "<group>"; };
		9686107B222AAED50069B81B /* UIPrimaryButton.swift */ = {isa = PBXFileReference; lastKnownFileType = sourcecode.swift; path = UIPrimaryButton.swift; sourceTree = "<group>"; };
		9686107D222AB4D40069B81B /* UIView+.swift */ = {isa = PBXFileReference; lastKnownFileType = sourcecode.swift; path = "UIView+.swift"; sourceTree = "<group>"; };
		9686107F222AEC680069B81B /* UIFont+.swift */ = {isa = PBXFileReference; lastKnownFileType = sourcecode.swift; path = "UIFont+.swift"; sourceTree = "<group>"; };
		96861081222AEFE60069B81B /* Scene.swift */ = {isa = PBXFileReference; lastKnownFileType = sourcecode.swift; path = Scene.swift; sourceTree = "<group>"; };
		96861084222AF2630069B81B /* BindableType.swift */ = {isa = PBXFileReference; lastKnownFileType = sourcecode.swift; path = BindableType.swift; sourceTree = "<group>"; };
		96861088222B1A8C0069B81B /* SceneCoordinatorType.swift */ = {isa = PBXFileReference; lastKnownFileType = sourcecode.swift; path = SceneCoordinatorType.swift; sourceTree = "<group>"; };
		9686108A222B1B210069B81B /* SceneTransitionType.swift */ = {isa = PBXFileReference; lastKnownFileType = sourcecode.swift; path = SceneTransitionType.swift; sourceTree = "<group>"; };
		968D05B92261E917003F7D49 /* TablePickerViewModel.swift */ = {isa = PBXFileReference; lastKnownFileType = sourcecode.swift; path = TablePickerViewModel.swift; sourceTree = "<group>"; };
		968D05BB2261EDF6003F7D49 /* CellItemType.swift */ = {isa = PBXFileReference; lastKnownFileType = sourcecode.swift; path = CellItemType.swift; sourceTree = "<group>"; };
		968D05BD2261F289003F7D49 /* TableSection.swift */ = {isa = PBXFileReference; lastKnownFileType = sourcecode.swift; path = TableSection.swift; sourceTree = "<group>"; };
		968D05C122625CC2003F7D49 /* StudentClassification.swift */ = {isa = PBXFileReference; lastKnownFileType = sourcecode.swift; path = StudentClassification.swift; sourceTree = "<group>"; };
		968D05C322637F36003F7D49 /* DynamicValueCell.swift */ = {isa = PBXFileReference; lastKnownFileType = sourcecode.swift; path = DynamicValueCell.swift; sourceTree = "<group>"; };
		969398A92226D4A700841818 /* OAuthSwift.framework */ = {isa = PBXFileReference; lastKnownFileType = wrapper.framework; name = OAuthSwift.framework; path = Carthage/Build/iOS/OAuthSwift.framework; sourceTree = "<group>"; };
		96939EDC223AD8A500A49E57 /* Double+.swift */ = {isa = PBXFileReference; lastKnownFileType = sourcecode.swift; path = "Double+.swift"; sourceTree = "<group>"; };
		96939EE0223B970600A49E57 /* CourseRepositoryTests.swift */ = {isa = PBXFileReference; lastKnownFileType = sourcecode.swift; path = CourseRepositoryTests.swift; sourceTree = "<group>"; };
		96939EE3223B98BA00A49E57 /* CourseStudent.swift */ = {isa = PBXFileReference; lastKnownFileType = sourcecode.swift; path = CourseStudent.swift; sourceTree = "<group>"; };
		96939EE5223BB97500A49E57 /* ClassificationType.swift */ = {isa = PBXFileReference; lastKnownFileType = sourcecode.swift; path = ClassificationType.swift; sourceTree = "<group>"; };
		96939EEA223BDAE600A49E57 /* ActivityIndicator.swift */ = {isa = PBXFileReference; lastKnownFileType = sourcecode.swift; path = ActivityIndicator.swift; sourceTree = "<group>"; };
		96939EEF223C1FEE00A49E57 /* Unwrap+.swift */ = {isa = PBXFileReference; lastKnownFileType = sourcecode.swift; path = "Unwrap+.swift"; sourceTree = "<group>"; };
		96939EF3223C274C00A49E57 /* CourseStudentRepositoryMock.swift */ = {isa = PBXFileReference; lastKnownFileType = sourcecode.swift; path = CourseStudentRepositoryMock.swift; sourceTree = "<group>"; };
		9699AB98223256D2006D2F73 /* OverviewItem.swift */ = {isa = PBXFileReference; lastKnownFileType = sourcecode.swift; path = OverviewItem.swift; sourceTree = "<group>"; };
		9699AB9B22326512006D2F73 /* Log.swift */ = {isa = PBXFileReference; lastKnownFileType = sourcecode.swift; path = Log.swift; sourceTree = "<group>"; };
		9699ABA12232902A006D2F73 /* ToastSwiftFramework.framework */ = {isa = PBXFileReference; lastKnownFileType = wrapper.framework; name = ToastSwiftFramework.framework; path = Carthage/Build/iOS/ToastSwiftFramework.framework; sourceTree = "<group>"; };
		9699ABA32232A2C7006D2F73 /* ApiError.swift */ = {isa = PBXFileReference; lastKnownFileType = sourcecode.swift; path = ApiError.swift; sourceTree = "<group>"; };
		9699ABA72232C091006D2F73 /* UIView+Rx.swift */ = {isa = PBXFileReference; lastKnownFileType = sourcecode.swift; path = "UIView+Rx.swift"; sourceTree = "<group>"; };
		96A80A6E222F191F00986A90 /* RxDataSources.framework */ = {isa = PBXFileReference; lastKnownFileType = wrapper.framework; name = RxDataSources.framework; path = Carthage/Build/iOS/RxDataSources.framework; sourceTree = "<group>"; };
		96A80A70222F1B3000986A90 /* Differentiator.framework */ = {isa = PBXFileReference; lastKnownFileType = wrapper.framework; name = Differentiator.framework; path = Carthage/Build/iOS/Differentiator.framework; sourceTree = "<group>"; };
		96A80A74222F1D0400986A90 /* CourseListViewController.swift */ = {isa = PBXFileReference; lastKnownFileType = sourcecode.swift; path = CourseListViewController.swift; sourceTree = "<group>"; };
		96B20DA22236692E004794BE /* CourseDetailStudentViewModel.swift */ = {isa = PBXFileReference; lastKnownFileType = sourcecode.swift; path = CourseDetailStudentViewModel.swift; sourceTree = "<group>"; };
		96B20DA4223669CC004794BE /* CourseDetailStudentViewController.swift */ = {isa = PBXFileReference; lastKnownFileType = sourcecode.swift; path = CourseDetailStudentViewController.swift; sourceTree = "<group>"; };
		96B20DA62236C838004794BE /* UINavigationBar+.swift */ = {isa = PBXFileReference; lastKnownFileType = sourcecode.swift; path = "UINavigationBar+.swift"; sourceTree = "<group>"; };
		96B20DAA2236CEA9004794BE /* CAGradeintLayer+.swift */ = {isa = PBXFileReference; lastKnownFileType = sourcecode.swift; path = "CAGradeintLayer+.swift"; sourceTree = "<group>"; };
		96B20DAC2236DE64004794BE /* UINavigationController+.swift */ = {isa = PBXFileReference; lastKnownFileType = sourcecode.swift; path = "UINavigationController+.swift"; sourceTree = "<group>"; };
		96B49FA9223EBF8E00B23A5B /* Settings.swift */ = {isa = PBXFileReference; lastKnownFileType = sourcecode.swift; path = Settings.swift; sourceTree = "<group>"; };
		96B49FAB223EC1C500B23A5B /* SettingsRepository.swift */ = {isa = PBXFileReference; lastKnownFileType = sourcecode.swift; path = SettingsRepository.swift; sourceTree = "<group>"; };
		96C0A840226C784C00AE733A /* StudentSearchViewModel.swift */ = {isa = PBXFileReference; lastKnownFileType = sourcecode.swift; path = StudentSearchViewModel.swift; sourceTree = "<group>"; };
		96C0A842226C78DC00AE733A /* StudentSearchViewController.swift */ = {isa = PBXFileReference; lastKnownFileType = sourcecode.swift; path = StudentSearchViewController.swift; sourceTree = "<group>"; };
		96C0A844226C832D00AE733A /* UserCell.swift */ = {isa = PBXFileReference; lastKnownFileType = sourcecode.swift; path = UserCell.swift; sourceTree = "<group>"; };
		96C0A846226C83D400AE733A /* BasicCell.swift */ = {isa = PBXFileReference; lastKnownFileType = sourcecode.swift; path = BasicCell.swift; sourceTree = "<group>"; };
		96C0A84A226CDA7C00AE733A /* StudentSearchViewModelTests.swift */ = {isa = PBXFileReference; lastKnownFileType = sourcecode.swift; path = StudentSearchViewModelTests.swift; sourceTree = "<group>"; };
		96C569A12268D99A00B16A7C /* StudentClassificationViewModelTests.swift */ = {isa = PBXFileReference; lastKnownFileType = sourcecode.swift; path = StudentClassificationViewModelTests.swift; sourceTree = "<group>"; };
		96C569A32268E2E900B16A7C /* UISecondaryButton.swift */ = {isa = PBXFileReference; lastKnownFileType = sourcecode.swift; path = UISecondaryButton.swift; sourceTree = "<group>"; };
		96C569A52268E4AF00B16A7C /* UIGradingOverview.swift */ = {isa = PBXFileReference; lastKnownFileType = sourcecode.swift; path = UIGradingOverview.swift; sourceTree = "<group>"; };
		96C569A7226B0A9300B16A7C /* TableDataSource.swift */ = {isa = PBXFileReference; lastKnownFileType = sourcecode.swift; path = TableDataSource.swift; sourceTree = "<group>"; };
		96C569A9226B18B800B16A7C /* DynamicValueFieldArrayViewModelProtocol.swift */ = {isa = PBXFileReference; lastKnownFileType = sourcecode.swift; path = DynamicValueFieldArrayViewModelProtocol.swift; sourceTree = "<group>"; };
		96C569AB226B623600B16A7C /* DynamicValueCellViewModelTests.swift */ = {isa = PBXFileReference; lastKnownFileType = sourcecode.swift; path = DynamicValueCellViewModelTests.swift; sourceTree = "<group>"; };
		96C7B9C9226069FA00E39F9A /* CoursesRepositoryTests.swift */ = {isa = PBXFileReference; lastKnownFileType = sourcecode.swift; path = CoursesRepositoryTests.swift; sourceTree = "<group>"; };
		96C87471224BEDA9009FB47F /* CoursesRepositoryMock.swift */ = {isa = PBXFileReference; lastKnownFileType = sourcecode.swift; path = CoursesRepositoryMock.swift; sourceTree = "<group>"; };
		96E8C641224BE60C005F32F8 /* AppDependencyMock.swift */ = {isa = PBXFileReference; lastKnownFileType = sourcecode.swift; path = AppDependencyMock.swift; sourceTree = "<group>"; };
		96E8C643224BE8BA005F32F8 /* SettingsRepositoryMock.swift */ = {isa = PBXFileReference; lastKnownFileType = sourcecode.swift; path = SettingsRepositoryMock.swift; sourceTree = "<group>"; };
		96F3A3722239080B00FB63EF /* BaseViewModel.swift */ = {isa = PBXFileReference; lastKnownFileType = sourcecode.swift; path = BaseViewModel.swift; sourceTree = "<group>"; };
		96F3A37822390F6800FB63EF /* CourseStudent.swift */ = {isa = PBXFileReference; lastKnownFileType = sourcecode.swift; path = CourseStudent.swift; sourceTree = "<group>"; };
		96F3A37A22390FF200FB63EF /* Classification.swift */ = {isa = PBXFileReference; lastKnownFileType = sourcecode.swift; path = Classification.swift; sourceTree = "<group>"; };
		96F3A37C2239124F00FB63EF /* CourseRepository.swift */ = {isa = PBXFileReference; lastKnownFileType = sourcecode.swift; path = CourseRepository.swift; sourceTree = "<group>"; };
		96F3A3802239A84F00FB63EF /* DynamicValue.swift */ = {isa = PBXFileReference; lastKnownFileType = sourcecode.swift; path = DynamicValue.swift; sourceTree = "<group>"; };
		96F3A3822239B02E00FB63EF /* ClassificationCell.swift */ = {isa = PBXFileReference; lastKnownFileType = sourcecode.swift; path = ClassificationCell.swift; sourceTree = "<group>"; };
		96F3A3842239B4B200FB63EF /* BaseTableViewController.swift */ = {isa = PBXFileReference; lastKnownFileType = sourcecode.swift; path = BaseTableViewController.swift; sourceTree = "<group>"; };
/* End PBXFileReference section */

/* Begin PBXFrameworksBuildPhase section */
		961BCE73222C3D8E00BD6663 /* Frameworks */ = {
			isa = PBXFrameworksBuildPhase;
			buildActionMask = 2147483647;
			files = (
			);
			runOnlyForDeploymentPostprocessing = 0;
		};
		96520E8E2223D65F00AB6499 /* Frameworks */ = {
			isa = PBXFrameworksBuildPhase;
			buildActionMask = 2147483647;
			files = (
				96939EEC223BDCCC00A49E57 /* RxAtomic.framework in Frameworks */,
				9658071922304B420065E23D /* Action.framework in Frameworks */,
				967D1E512223E20B007E5217 /* SnapKit.framework in Frameworks */,
				969398AB2226DC7600841818 /* OAuthSwift.framework in Frameworks */,
				96861077222AAE6C0069B81B /* RxSwift.framework in Frameworks */,
				96861079222AAE6F0069B81B /* RxCocoa.framework in Frameworks */,
				96A80A6F222F191F00986A90 /* RxDataSources.framework in Frameworks */,
				96A80A71222F1B3000986A90 /* Differentiator.framework in Frameworks */,
				9699ABA22232902A006D2F73 /* ToastSwiftFramework.framework in Frameworks */,
				96939EED223C09A100A49E57 /* CocoaAsyncSocket.framework in Frameworks */,
				96939EEE223C09A400A49E57 /* Bagel.framework in Frameworks */,
			);
			runOnlyForDeploymentPostprocessing = 0;
		};
		9682A6AA222D1ABC00773E28 /* Frameworks */ = {
			isa = PBXFrameworksBuildPhase;
			buildActionMask = 2147483647;
			files = (
				9682A6BB222D1EAA00773E28 /* RxSwift.framework in Frameworks */,
				9682A6BC222D1EAA00773E28 /* RxTest.framework in Frameworks */,
				96939EE7223BC61900A49E57 /* RxBlocking.framework in Frameworks */,
			);
			runOnlyForDeploymentPostprocessing = 0;
		};
/* End PBXFrameworksBuildPhase section */

/* Begin PBXGroup section */
		9608B9AF2224148900E1CEAF /* Generated */ = {
			isa = PBXGroup;
			children = (
				9608B9B02224149700E1CEAF /* Strings.swift */,
			);
			path = Generated;
			sourceTree = "<group>";
		};
		9608B9C522242CCB00E1CEAF /* Configuration */ = {
			isa = PBXGroup;
			children = (
				9608B9C82224364200E1CEAF /* EnvironmentConfiguration.swift */,
				961A2FD322293AD000A624DC /* Debug.plist */,
				961A2FD522293AE000A624DC /* Release.plist */,
				961A2FD722293AEA00A624DC /* Common.plist */,
				961A2FDD22294F4500A624DC /* PlistDocument.swift */,
			);
			path = Configuration;
			sourceTree = "<group>";
		};
		961A2FDF222988C500A624DC /* Service */ = {
			isa = PBXGroup;
			children = (
				961A2FE0222988D700A624DC /* AuthenticationService.swift */,
				961BCE80222C515700BD6663 /* GradesAPI.swift */,
				963C62832233B7C000B01818 /* HttpService.swift */,
				961FC4F72244118B000A4CDA /* AppDependency.swift */,
			);
			path = Service;
			sourceTree = "<group>";
		};
		961A2FEF2229D43900A624DC /* ViewModel */ = {
			isa = PBXGroup;
			children = (
				9682E57E2266252300687A66 /* Cell */,
				964181742247A7D70019CABD /* Student */,
				964181732247A7C10019CABD /* Teacher */,
				961A2FF02229D44A00A624DC /* LoginViewModel.swift */,
				9682A6BD222D1F7600773E28 /* CourseListViewModel.swift */,
				96F3A3722239080B00FB63EF /* BaseViewModel.swift */,
				961A8784223F8B1200846538 /* SettingsViewModel.swift */,
				968D05B92261E917003F7D49 /* TablePickerViewModel.swift */,
				96C569A9226B18B800B16A7C /* DynamicValueFieldArrayViewModelProtocol.swift */,
			);
			path = ViewModel;
			sourceTree = "<group>";
		};
		961BCE77222C3D8E00BD6663 /* GradesUITests */ = {
			isa = PBXGroup;
			children = (
				961BCE78222C3D8E00BD6663 /* GradesUITests.swift */,
				961BCE7A222C3D8E00BD6663 /* Info.plist */,
			);
			path = GradesUITests;
			sourceTree = "<group>";
		};
		963C628E22342FF800B01818 /* Mock */ = {
			isa = PBXGroup;
			children = (
				96C87474224BEDE4009FB47F /* Service */,
				96C87473224BEDCF009FB47F /* Repository */,
				963C628F2234307300B01818 /* EnvironmentConfigurationMock.swift */,
				963C62912234314200B01818 /* SceneCoordinatorMock.swift */,
				96E8C641224BE60C005F32F8 /* AppDependencyMock.swift */,
			);
			path = Mock;
			sourceTree = "<group>";
		};
		964181732247A7C10019CABD /* Teacher */ = {
			isa = PBXGroup;
			children = (
				9641816922477DB50019CABD /* GroupClassificationViewModel.swift */,
				9641816F22478C900019CABD /* TeacherClassificationViewModel.swift */,
				964181712247A7BB0019CABD /* StudentClassificationViewModel.swift */,
				96C0A840226C784C00AE733A /* StudentSearchViewModel.swift */,
			);
			path = Teacher;
			sourceTree = "<group>";
		};
		964181742247A7D70019CABD /* Student */ = {
			isa = PBXGroup;
			children = (
				96B20DA22236692E004794BE /* CourseDetailStudentViewModel.swift */,
			);
			path = Student;
			sourceTree = "<group>";
		};
		964181752247A7F10019CABD /* Teacher */ = {
			isa = PBXGroup;
			children = (
				9641816B22477DFE0019CABD /* GroupClassificationViewController.swift */,
				9641816D22478A940019CABD /* TeacherClassificationViewController.swift */,
				964181772247A83E0019CABD /* StudentClassificationViewController.swift */,
				96C0A842226C78DC00AE733A /* StudentSearchViewController.swift */,
			);
			path = Teacher;
			sourceTree = "<group>";
		};
		964181762247A7F60019CABD /* Student */ = {
			isa = PBXGroup;
			children = (
				96B20DA4223669CC004794BE /* CourseDetailStudentViewController.swift */,
			);
			path = Student;
			sourceTree = "<group>";
		};
		96520E882223D65E00AB6499 = {
			isa = PBXGroup;
			children = (
				96520E932223D65F00AB6499 /* Grades */,
				961BCE77222C3D8E00BD6663 /* GradesUITests */,
				9682A6AE222D1ABC00773E28 /* GradesTests */,
				96520E922223D65F00AB6499 /* Products */,
				967D1E3F2223DDD3007E5217 /* Frameworks */,
			);
			sourceTree = "<group>";
		};
		96520E922223D65F00AB6499 /* Products */ = {
			isa = PBXGroup;
			children = (
				96520E912223D65F00AB6499 /* GradesDev.app */,
				961BCE76222C3D8E00BD6663 /* GradesUITests.xctest */,
				9682A6AD222D1ABC00773E28 /* GradesTests.xctest */,
			);
			name = Products;
			sourceTree = "<group>";
		};
		96520E932223D65F00AB6499 /* Grades */ = {
			isa = PBXGroup;
			children = (
				96861087222B1A670069B81B /* Scene */,
				9699AB9A22326506006D2F73 /* Utilities */,
				96861086222B15B40069B81B /* Model */,
				96861071222AA5420069B81B /* Extension */,
				9686106E222AA42D0069B81B /* View */,
				961A2FEF2229D43900A624DC /* ViewModel */,
				961A2FDF222988C500A624DC /* Service */,
				9608B9C522242CCB00E1CEAF /* Configuration */,
				9608B9AF2224148900E1CEAF /* Generated */,
				967D1E432223DE69007E5217 /* Resources */,
				96520E942223D65F00AB6499 /* AppDelegate.swift */,
				96520EA02223D66000AB6499 /* Info.plist */,
				9608B9AB2223F10F00E1CEAF /* Localizable.strings */,
			);
			path = Grades;
			sourceTree = "<group>";
		};
		965ADAE92235698100AA8CF4 /* Cell */ = {
			isa = PBXGroup;
			children = (
				965ADAEA223569C500AA8CF4 /* CourseListCell.swift */,
				96F3A3822239B02E00FB63EF /* ClassificationCell.swift */,
				9654A4F822469AFE00778ED1 /* ConfigurableCell.swift */,
				9654A4FA22469D0500778ED1 /* StudentCourseCell.swift */,
				9654A4FC2246A02200778ED1 /* TeacherCourseCell.swift */,
				968D05C322637F36003F7D49 /* DynamicValueCell.swift */,
				96C0A844226C832D00AE733A /* UserCell.swift */,
				96C0A846226C83D400AE733A /* BasicCell.swift */,
			);
			path = Cell;
			sourceTree = "<group>";
		};
		965ADAF4223597CB00AA8CF4 /* Types */ = {
			isa = PBXGroup;
			children = (
				965ADAF22235976300AA8CF4 /* Result.swift */,
			);
			path = Types;
			sourceTree = "<group>";
		};
		967D1E3F2223DDD3007E5217 /* Frameworks */ = {
			isa = PBXGroup;
			children = (
				961789302232F65D007006E8 /* RxBlocking.framework */,
				9699ABA12232902A006D2F73 /* ToastSwiftFramework.framework */,
				9658071A22304D5B0065E23D /* RxAtomic.framework */,
				9658071822304B420065E23D /* Action.framework */,
				96A80A70222F1B3000986A90 /* Differentiator.framework */,
				96A80A6E222F191F00986A90 /* RxDataSources.framework */,
				9682A6A7222D19E800773E28 /* RxTest.framework */,
				96861078222AAE6F0069B81B /* RxCocoa.framework */,
				96861076222AAE6C0069B81B /* RxSwift.framework */,
				9614CF0F2228687400FB4A05 /* CocoaAsyncSocket.framework */,
				9614CF0D2228669F00FB4A05 /* Bagel.framework */,
				969398A92226D4A700841818 /* OAuthSwift.framework */,
				967D1E402223DDD3007E5217 /* SnapKit.framework */,
			);
			name = Frameworks;
			sourceTree = "<group>";
		};
		967D1E432223DE69007E5217 /* Resources */ = {
			isa = PBXGroup;
			children = (
				96520E982223D65F00AB6499 /* Main.storyboard */,
				96520E9D2223D66000AB6499 /* LaunchScreen.storyboard */,
				96520E9B2223D66000AB6499 /* Assets.xcassets */,
			);
			path = Resources;
			sourceTree = "<group>";
		};
		9682A6AE222D1ABC00773E28 /* GradesTests */ = {
			isa = PBXGroup;
			children = (
				96C7B9CC2260709E00E39F9A /* ViewModel */,
				96C7B9CB2260709500E39F9A /* Repository */,
				96939EE2223B98A300A49E57 /* MockData */,
				965ADAF4223597CB00AA8CF4 /* Types */,
				963C628E22342FF800B01818 /* Mock */,
				9682A6B1222D1ABC00773E28 /* Info.plist */,
			);
			path = GradesTests;
			sourceTree = "<group>";
		};
		9682E57E2266252300687A66 /* Cell */ = {
			isa = PBXGroup;
			children = (
				9682E57F2266253100687A66 /* DynamicValueCellViewModel.swift */,
			);
			path = Cell;
			sourceTree = "<group>";
		};
		9686106E222AA42D0069B81B /* View */ = {
			isa = PBXGroup;
			children = (
				965ADAE92235698100AA8CF4 /* Cell */,
				96861083222AEFED0069B81B /* ViewController */,
				9686107A222AAEAA0069B81B /* UIElements */,
			);
			path = View;
			sourceTree = "<group>";
		};
		96861071222AA5420069B81B /* Extension */ = {
			isa = PBXGroup;
			children = (
				9639AE652270989B009C35A9 /* KeyboardChangeFrameObserver.swift */,
				9639AE642270989B009C35A9 /* ModifableInsetsOnKeyboardFrameChanges.swift */,
				96861072222AA55F0069B81B /* UIColor+.swift */,
				9686107D222AB4D40069B81B /* UIView+.swift */,
				9686107F222AEC680069B81B /* UIFont+.swift */,
				9699ABA72232C091006D2F73 /* UIView+Rx.swift */,
				96B20DA62236C838004794BE /* UINavigationBar+.swift */,
				96B20DAA2236CEA9004794BE /* CAGradeintLayer+.swift */,
				96B20DAC2236DE64004794BE /* UINavigationController+.swift */,
				96939EDC223AD8A500A49E57 /* Double+.swift */,
				96939EEA223BDAE600A49E57 /* ActivityIndicator.swift */,
				96939EEF223C1FEE00A49E57 /* Unwrap+.swift */,
				961A8788223FFC3300846538 /* UITextField+.swift */,
				9644779422427B3100E960F4 /* UIViewController+ConfirmationModal.swift */,
				964181812247E8B20019CABD /* UIViewController+PickerPresentable.swift */,
			);
			path = Extension;
			sourceTree = "<group>";
		};
		9686107A222AAEAA0069B81B /* UIElements */ = {
			isa = PBXGroup;
			children = (
				9686107B222AAED50069B81B /* UIPrimaryButton.swift */,
				96447792224249CD00E960F4 /* UIPickerLabel.swift */,
				96C569A32268E2E900B16A7C /* UISecondaryButton.swift */,
				96C569A52268E4AF00B16A7C /* UIGradingOverview.swift */,
			);
			path = UIElements;
			sourceTree = "<group>";
		};
		96861083222AEFED0069B81B /* ViewController */ = {
			isa = PBXGroup;
			children = (
				964181762247A7F60019CABD /* Student */,
				964181752247A7F10019CABD /* Teacher */,
				96520E962223D65F00AB6499 /* LoginViewController.swift */,
				9686106F222AA4550069B81B /* BaseViewController.swift */,
				96A80A74222F1D0400986A90 /* CourseListViewController.swift */,
				96F3A3842239B4B200FB63EF /* BaseTableViewController.swift */,
				961A8786223F8B3B00846538 /* SettingsViewController.swift */,
			);
			path = ViewController;
			sourceTree = "<group>";
		};
		96861086222B15B40069B81B /* Model */ = {
			isa = PBXGroup;
			children = (
				96F3A37722390F3500FB63EF /* Repository */,
				96F3A37622390F2B00FB63EF /* Type */,
				96F3A37522390F1800FB63EF /* Error */,
				96F3A37422390F0C00FB63EF /* Entity */,
			);
			path = Model;
			sourceTree = "<group>";
		};
		96861087222B1A670069B81B /* Scene */ = {
			isa = PBXGroup;
			children = (
				96861081222AEFE60069B81B /* Scene.swift */,
				96861088222B1A8C0069B81B /* SceneCoordinatorType.swift */,
				9686108A222B1B210069B81B /* SceneTransitionType.swift */,
				961BCE70222C32DD00BD6663 /* SceneCoordinator.swift */,
			);
			path = Scene;
			sourceTree = "<group>";
		};
		96939EE2223B98A300A49E57 /* MockData */ = {
			isa = PBXGroup;
			children = (
				96939EE3223B98BA00A49E57 /* CourseStudent.swift */,
			);
			path = MockData;
			sourceTree = "<group>";
		};
		9699AB9A22326506006D2F73 /* Utilities */ = {
			isa = PBXGroup;
			children = (
				9699AB9B22326512006D2F73 /* Log.swift */,
			);
			path = Utilities;
			sourceTree = "<group>";
		};
		96C7B9CB2260709500E39F9A /* Repository */ = {
			isa = PBXGroup;
			children = (
				96C7B9C9226069FA00E39F9A /* CoursesRepositoryTests.swift */,
				96939EE0223B970600A49E57 /* CourseRepositoryTests.swift */,
			);
			path = Repository;
			sourceTree = "<group>";
		};
		96C7B9CC2260709E00E39F9A /* ViewModel */ = {
			isa = PBXGroup;
			children = (
				963C628C22342ED300B01818 /* LoginViewModelTests.swift */,
				96580713222FFA810065E23D /* CourseListViewModelTests.swift */,
				96C569A12268D99A00B16A7C /* StudentClassificationViewModelTests.swift */,
				96C569AB226B623600B16A7C /* DynamicValueCellViewModelTests.swift */,
				96C0A84A226CDA7C00AE733A /* StudentSearchViewModelTests.swift */,
			);
			path = ViewModel;
			sourceTree = "<group>";
		};
		96C87473224BEDCF009FB47F /* Repository */ = {
			isa = PBXGroup;
			children = (
				96939EF3223C274C00A49E57 /* CourseStudentRepositoryMock.swift */,
				96E8C643224BE8BA005F32F8 /* SettingsRepositoryMock.swift */,
				96C87471224BEDA9009FB47F /* CoursesRepositoryMock.swift */,
			);
			path = Repository;
			sourceTree = "<group>";
		};
		96C87474224BEDE4009FB47F /* Service */ = {
			isa = PBXGroup;
			children = (
				965807152230099D0065E23D /* GradesAPIMock.swift */,
				963C6295223432FD00B01818 /* AuthenticationServiceMock.swift */,
				963C62972234542E00B01818 /* HttpServiceMock.swift */,
			);
			path = Service;
			sourceTree = "<group>";
		};
		96F3A37422390F0C00FB63EF /* Entity */ = {
			isa = PBXGroup;
			children = (
				966ABB56222D986A007DD046 /* Course.swift */,
				966ABB58222DA2DF007DD046 /* User.swift */,
				9699AB98223256D2006D2F73 /* OverviewItem.swift */,
				96F3A37822390F6800FB63EF /* CourseStudent.swift */,
				96939EE5223BB97500A49E57 /* ClassificationType.swift */,
				96F3A37A22390FF200FB63EF /* Classification.swift */,
				96B49FA9223EBF8E00B23A5B /* Settings.swift */,
				964181792247BE6C0019CABD /* StudentGroup.swift */,
				968D05C122625CC2003F7D49 /* StudentClassification.swift */,
			);
			path = Entity;
			sourceTree = "<group>";
		};
		96F3A37522390F1800FB63EF /* Error */ = {
			isa = PBXGroup;
			children = (
				9699ABA32232A2C7006D2F73 /* ApiError.swift */,
				963C62932234328900B01818 /* AuthenticationError.swift */,
			);
			path = Error;
			sourceTree = "<group>";
		};
		96F3A37622390F2B00FB63EF /* Type */ = {
			isa = PBXGroup;
			children = (
				96F3A3802239A84F00FB63EF /* DynamicValue.swift */,
				96861084222AF2630069B81B /* BindableType.swift */,
				961A878E2240484200846538 /* Language.swift */,
				968D05BB2261EDF6003F7D49 /* CellItemType.swift */,
				968D05BD2261F289003F7D49 /* TableSection.swift */,
				96C569A7226B0A9300B16A7C /* TableDataSource.swift */,
			);
			path = Type;
			sourceTree = "<group>";
		};
		96F3A37722390F3500FB63EF /* Repository */ = {
			isa = PBXGroup;
			children = (
				96F3A37C2239124F00FB63EF /* CourseRepository.swift */,
				96B49FAB223EC1C500B23A5B /* SettingsRepository.swift */,
				9654A4F6224641A000778ED1 /* CoursesRepository.swift */,
				9641817F2247C5570019CABD /* TeacherRepository.swift */,
			);
			path = Repository;
			sourceTree = "<group>";
		};
/* End PBXGroup section */

/* Begin PBXNativeTarget section */
		961BCE75222C3D8E00BD6663 /* GradesUITests */ = {
			isa = PBXNativeTarget;
			buildConfigurationList = 961BCE7D222C3D8E00BD6663 /* Build configuration list for PBXNativeTarget "GradesUITests" */;
			buildPhases = (
				961BCE72222C3D8E00BD6663 /* Sources */,
				961BCE73222C3D8E00BD6663 /* Frameworks */,
				961BCE74222C3D8E00BD6663 /* Resources */,
			);
			buildRules = (
			);
			dependencies = (
				961BCE7C222C3D8E00BD6663 /* PBXTargetDependency */,
			);
			name = GradesUITests;
			productName = GradesUITests;
			productReference = 961BCE76222C3D8E00BD6663 /* GradesUITests.xctest */;
			productType = "com.apple.product-type.bundle.ui-testing";
		};
		96520E902223D65F00AB6499 /* Grades */ = {
			isa = PBXNativeTarget;
			buildConfigurationList = 96520EA32223D66000AB6499 /* Build configuration list for PBXNativeTarget "Grades" */;
			buildPhases = (
				967D1E522223E2F3007E5217 /* SwiftLint */,
				9608B9C122241EC700E1CEAF /* SwiftGen */,
				961A2FEE2229C59400A624DC /* SwiftFormat */,
				967D1E3E2223DCEE007E5217 /* Carthage */,
				9608B9A82223EB0900E1CEAF /* Generate preprocess header */,
				96520E8D2223D65F00AB6499 /* Sources */,
				96520E8E2223D65F00AB6499 /* Frameworks */,
				96520E8F2223D65F00AB6499 /* Resources */,
			);
			buildRules = (
			);
			dependencies = (
			);
			name = Grades;
			productName = Classification;
			productReference = 96520E912223D65F00AB6499 /* GradesDev.app */;
			productType = "com.apple.product-type.application";
		};
		9682A6AC222D1ABC00773E28 /* GradesTests */ = {
			isa = PBXNativeTarget;
			buildConfigurationList = 9682A6B4222D1ABC00773E28 /* Build configuration list for PBXNativeTarget "GradesTests" */;
			buildPhases = (
				9682A6A9222D1ABC00773E28 /* Sources */,
				9682A6AA222D1ABC00773E28 /* Frameworks */,
				9682A6AB222D1ABC00773E28 /* Resources */,
			);
			buildRules = (
			);
			dependencies = (
				9682A6B3222D1ABC00773E28 /* PBXTargetDependency */,
			);
			name = GradesTests;
			productName = GradesTests;
			productReference = 9682A6AD222D1ABC00773E28 /* GradesTests.xctest */;
			productType = "com.apple.product-type.bundle.unit-test";
		};
/* End PBXNativeTarget section */

/* Begin PBXProject section */
		96520E892223D65F00AB6499 /* Project object */ = {
			isa = PBXProject;
			attributes = {
				LastSwiftUpdateCheck = 1010;
				LastUpgradeCheck = 1010;
				ORGANIZATIONNAME = jiri.zdovmka;
				TargetAttributes = {
					961BCE75222C3D8E00BD6663 = {
						CreatedOnToolsVersion = 10.1;
						LastSwiftMigration = 1020;
						TestTargetID = 96520E902223D65F00AB6499;
					};
					96520E902223D65F00AB6499 = {
						CreatedOnToolsVersion = 10.1;
						LastSwiftMigration = 1020;
					};
					9682A6AC222D1ABC00773E28 = {
						CreatedOnToolsVersion = 10.1;
						LastSwiftMigration = 1020;
						TestTargetID = 96520E902223D65F00AB6499;
					};
				};
			};
			buildConfigurationList = 96520E8C2223D65F00AB6499 /* Build configuration list for PBXProject "Grades" */;
			compatibilityVersion = "Xcode 9.3";
			developmentRegion = en;
			hasScannedForEncodings = 0;
			knownRegions = (
				cs,
				en,
			);
			mainGroup = 96520E882223D65E00AB6499;
			productRefGroup = 96520E922223D65F00AB6499 /* Products */;
			projectDirPath = "";
			projectRoot = "";
			targets = (
				96520E902223D65F00AB6499 /* Grades */,
				9682A6AC222D1ABC00773E28 /* GradesTests */,
				961BCE75222C3D8E00BD6663 /* GradesUITests */,
			);
		};
/* End PBXProject section */

/* Begin PBXResourcesBuildPhase section */
		961BCE74222C3D8E00BD6663 /* Resources */ = {
			isa = PBXResourcesBuildPhase;
			buildActionMask = 2147483647;
			files = (
			);
			runOnlyForDeploymentPostprocessing = 0;
		};
		96520E8F2223D65F00AB6499 /* Resources */ = {
			isa = PBXResourcesBuildPhase;
			buildActionMask = 2147483647;
			files = (
				96520E9F2223D66000AB6499 /* LaunchScreen.storyboard in Resources */,
				9608B9AD2223F10F00E1CEAF /* Localizable.strings in Resources */,
				96520E9C2223D66000AB6499 /* Assets.xcassets in Resources */,
				96520E9A2223D65F00AB6499 /* Main.storyboard in Resources */,
				961A2FD422293AD000A624DC /* Debug.plist in Resources */,
				961A2FD622293AE000A624DC /* Release.plist in Resources */,
				961A2FD822293AEA00A624DC /* Common.plist in Resources */,
			);
			runOnlyForDeploymentPostprocessing = 0;
		};
		9682A6AB222D1ABC00773E28 /* Resources */ = {
			isa = PBXResourcesBuildPhase;
			buildActionMask = 2147483647;
			files = (
			);
			runOnlyForDeploymentPostprocessing = 0;
		};
/* End PBXResourcesBuildPhase section */

/* Begin PBXShellScriptBuildPhase section */
		9608B9A82223EB0900E1CEAF /* Generate preprocess header */ = {
			isa = PBXShellScriptBuildPhase;
			buildActionMask = 2147483647;
			files = (
			);
			inputFileListPaths = (
			);
			inputPaths = (
			);
			name = "Generate preprocess header";
			outputFileListPaths = (
			);
			outputPaths = (
			);
			runOnlyForDeploymentPostprocessing = 0;
			shellPath = /bin/sh;
			shellScript = "# Generate BUILD_NUMBER\ncd $PROJECT_DIR\nCOMMITS=`git rev-list HEAD --count`\nHEADER_FILE=\"$PROJECT_DIR/info_preprocess_header.h\"\n\necho \"// Auto-generated\" > $HEADER_FILE\necho \"\" >> $HEADER_FILE\necho \"#define BUILD_NUMBER $COMMITS\" >> $HEADER_FILE\n\ntouch $INFOPLIST_FILE\ncd -\n";
		};
		9608B9C122241EC700E1CEAF /* SwiftGen */ = {
			isa = PBXShellScriptBuildPhase;
			buildActionMask = 2147483647;
			files = (
			);
			inputFileListPaths = (
			);
			inputPaths = (
			);
			name = SwiftGen;
			outputFileListPaths = (
			);
			outputPaths = (
			);
			runOnlyForDeploymentPostprocessing = 0;
			shellPath = /bin/sh;
			shellScript = "# Generate strings\nswiftgen\n";
			showEnvVarsInLog = 0;
		};
		961A2FEE2229C59400A624DC /* SwiftFormat */ = {
			isa = PBXShellScriptBuildPhase;
			buildActionMask = 2147483647;
			files = (
			);
			inputFileListPaths = (
			);
			inputPaths = (
			);
			name = SwiftFormat;
			outputFileListPaths = (
			);
			outputPaths = (
			);
			runOnlyForDeploymentPostprocessing = 0;
			shellPath = /bin/sh;
			shellScript = "if which swiftformat >/dev/null; then\n    swiftformat --disable trailingCommas --swiftversion 4.2 Grades\nelse\n    echo \"warning: SwiftFormat not installed, download from https://github.com/nicklockwood/SwiftFormat\"\nfi\n";
		};
		967D1E3E2223DCEE007E5217 /* Carthage */ = {
			isa = PBXShellScriptBuildPhase;
			buildActionMask = 2147483647;
			files = (
			);
			inputFileListPaths = (
			);
			inputPaths = (
				"$(SRCROOT)/Carthage/Build/iOS/SnapKit.framework",
				"$(SRCROOT)/Carthage/Build/iOS/OAuthSwift.framework",
				"$(SRCROOT)/Carthage/Build/iOS/RxSwift.framework",
				"$(SRCROOT)/Carthage/Build/iOS/RxCocoa.framework",
				"$(SRCROOT)/Carthage/Build/iOS/RxTest.framework",
				"$(SRCROOT)/Carthage/Build/iOS/RxDataSources.framework",
				"$(SRCROOT)/Carthage/Build/iOS/Differentiator.framework",
				"$(SRCROOT)/Carthage/Build/iOS/Action.framework",
				"$(SRCROOT)/Carthage/Build/iOS/ToastSwiftFramework.framework",
				"$(SRCROOT)/Carthage/Build/iOS/RxBlocking.framework",
				"$(SRCROOT)/Carthage/Build/iOS/RxAtomic.framework",
				"$(SRCROOT)/Carthage/Build/iOS/CocoaAsyncSocket.framework",
				"$(SRCROOT)/Carthage/Build/iOS/Bagel.framework",
			);
			name = Carthage;
			outputFileListPaths = (
			);
			outputPaths = (
				"$(BUILT_PRODUCTS_DIR)/$(FRAMEWORKS_FOLDER_PATH)/SnapKit.framework",
				"$(BUILT_PRODUCTS_DIR)/$(FRAMEWORKS_FOLDER_PATH)/OAuthSwift.framework",
				"$(BUILT_PRODUCTS_DIR)/$(FRAMEWORKS_FOLDER_PATH)/RxSwift.framework",
				"$(BUILT_PRODUCTS_DIR)/$(FRAMEWORKS_FOLDER_PATH)/RxCocoa.framework",
				"$(BUILT_PRODUCTS_DIR)/$(FRAMEWORKS_FOLDER_PATH)/RxTest.framework",
				"$(BUILT_PRODUCTS_DIR)/$(FRAMEWORKS_FOLDER_PATH)/RxDataSources.framework",
				"$(BUILT_PRODUCTS_DIR)/$(FRAMEWORKS_FOLDER_PATH)/Differentiator.framework",
				"$(BUILT_PRODUCTS_DIR)/$(FRAMEWORKS_FOLDER_PATH)/Action.framework",
				"$(BUILT_PRODUCTS_DIR)/$(FRAMEWORKS_FOLDER_PATH)/ToastSwiftFramework.framework",
				"$(BUILT_PRODUCTS_DIR)/$(FRAMEWORKS_FOLDER_PATH)/RxBlocking.framework",
				"$(BUILT_PRODUCTS_DIR)/$(FRAMEWORKS_FOLDER_PATH)/RxAtomic.framework",
				"$(BUILT_PRODUCTS_DIR)/$(FRAMEWORKS_FOLDER_PATH)/CocoaAsyncSocket.framework",
				"$(BUILT_PRODUCTS_DIR)/$(FRAMEWORKS_FOLDER_PATH)/Bagel.framework",
			);
			runOnlyForDeploymentPostprocessing = 0;
			shellPath = /bin/sh;
			shellScript = "# Type a script or drag a script file from your workspace to insert its path.\n/usr/local/bin/carthage copy-frameworks\n";
		};
		967D1E522223E2F3007E5217 /* SwiftLint */ = {
			isa = PBXShellScriptBuildPhase;
			buildActionMask = 2147483647;
			files = (
			);
			inputFileListPaths = (
			);
			inputPaths = (
			);
			name = SwiftLint;
			outputFileListPaths = (
			);
			outputPaths = (
			);
			runOnlyForDeploymentPostprocessing = 0;
			shellPath = /bin/sh;
			shellScript = "if which swiftlint >/dev/null; then\n   swiftlint\nelse\n    echo \"warning: SwiftLint not installed, download from https://github.com/realm/SwiftLint\"\nfi\n";
		};
/* End PBXShellScriptBuildPhase section */

/* Begin PBXSourcesBuildPhase section */
		961BCE72222C3D8E00BD6663 /* Sources */ = {
			isa = PBXSourcesBuildPhase;
			buildActionMask = 2147483647;
			files = (
				961BCE79222C3D8E00BD6663 /* GradesUITests.swift in Sources */,
			);
			runOnlyForDeploymentPostprocessing = 0;
		};
		96520E8D2223D65F00AB6499 /* Sources */ = {
			isa = PBXSourcesBuildPhase;
			buildActionMask = 2147483647;
			files = (
				963C62942234328900B01818 /* AuthenticationError.swift in Sources */,
				96B20DA32236692E004794BE /* CourseDetailStudentViewModel.swift in Sources */,
				9682E5802266253100687A66 /* DynamicValueCellViewModel.swift in Sources */,
				968D05BE2261F289003F7D49 /* TableSection.swift in Sources */,
				96520E972223D65F00AB6499 /* LoginViewController.swift in Sources */,
				9608B9B12224149700E1CEAF /* Strings.swift in Sources */,
				9641816A22477DB50019CABD /* GroupClassificationViewModel.swift in Sources */,
				9699AB9C22326512006D2F73 /* Log.swift in Sources */,
				961BCE71222C32DD00BD6663 /* SceneCoordinator.swift in Sources */,
				9639AE662270989B009C35A9 /* ModifableInsetsOnKeyboardFrameChanges.swift in Sources */,
				9654A4FB22469D0500778ED1 /* StudentCourseCell.swift in Sources */,
				961FC4F82244118B000A4CDA /* AppDependency.swift in Sources */,
				96B20DA5223669CC004794BE /* CourseDetailStudentViewController.swift in Sources */,
				96861089222B1A8C0069B81B /* SceneCoordinatorType.swift in Sources */,
				96B20DA72236C838004794BE /* UINavigationBar+.swift in Sources */,
				9654A4F922469AFE00778ED1 /* ConfigurableCell.swift in Sources */,
				9699ABA82232C091006D2F73 /* UIView+Rx.swift in Sources */,
				9686107C222AAED50069B81B /* UIPrimaryButton.swift in Sources */,
				96B20DAD2236DE64004794BE /* UINavigationController+.swift in Sources */,
				9641816E22478A940019CABD /* TeacherClassificationViewController.swift in Sources */,
				96939EEB223BDAE600A49E57 /* ActivityIndicator.swift in Sources */,
				9608B9C92224364200E1CEAF /* EnvironmentConfiguration.swift in Sources */,
				96F3A3812239A84F00FB63EF /* DynamicValue.swift in Sources */,
				961BCE81222C515700BD6663 /* GradesAPI.swift in Sources */,
				96F3A37922390F6800FB63EF /* CourseStudent.swift in Sources */,
				96C0A841226C784C00AE733A /* StudentSearchViewModel.swift in Sources */,
				968D05BA2261E917003F7D49 /* TablePickerViewModel.swift in Sources */,
				964181782247A83E0019CABD /* StudentClassificationViewController.swift in Sources */,
				96861080222AEC680069B81B /* UIFont+.swift in Sources */,
				96C0A847226C83D400AE733A /* BasicCell.swift in Sources */,
				961A2FE1222988D700A624DC /* AuthenticationService.swift in Sources */,
				961A2FDE22294F4500A624DC /* PlistDocument.swift in Sources */,
				96939EDD223AD8A500A49E57 /* Double+.swift in Sources */,
				9641817A2247BE6C0019CABD /* StudentGroup.swift in Sources */,
				96C569A62268E4AF00B16A7C /* UIGradingOverview.swift in Sources */,
				96F3A37B22390FF200FB63EF /* Classification.swift in Sources */,
				96F3A37D2239124F00FB63EF /* CourseRepository.swift in Sources */,
				966ABB59222DA2DF007DD046 /* User.swift in Sources */,
				968D05C222625CC2003F7D49 /* StudentClassification.swift in Sources */,
				963C62842233B7C000B01818 /* HttpService.swift in Sources */,
				961A8789223FFC3300846538 /* UITextField+.swift in Sources */,
				96861070222AA4550069B81B /* BaseViewController.swift in Sources */,
				96520E952223D65F00AB6499 /* AppDelegate.swift in Sources */,
				961A8787223F8B3B00846538 /* SettingsViewController.swift in Sources */,
				96A80A75222F1D0400986A90 /* CourseListViewController.swift in Sources */,
				9686107E222AB4D40069B81B /* UIView+.swift in Sources */,
				96C569A42268E2E900B16A7C /* UISecondaryButton.swift in Sources */,
				9699AB99223256D2006D2F73 /* OverviewItem.swift in Sources */,
				964181822247E8B20019CABD /* UIViewController+PickerPresentable.swift in Sources */,
				96939EE6223BB97500A49E57 /* ClassificationType.swift in Sources */,
				965ADAEB223569C500AA8CF4 /* CourseListCell.swift in Sources */,
				9641816C22477DFE0019CABD /* GroupClassificationViewController.swift in Sources */,
				96861085222AF2630069B81B /* BindableType.swift in Sources */,
				961A8785223F8B1200846538 /* SettingsViewModel.swift in Sources */,
				9644779522427B3100E960F4 /* UIViewController+ConfirmationModal.swift in Sources */,
				961A2FF12229D44A00A624DC /* LoginViewModel.swift in Sources */,
				9682A6BE222D1F7600773E28 /* CourseListViewModel.swift in Sources */,
				96447793224249CD00E960F4 /* UIPickerLabel.swift in Sources */,
				9654A4F7224641A000778ED1 /* CoursesRepository.swift in Sources */,
				966ABB57222D986A007DD046 /* Course.swift in Sources */,
				96861082222AEFE60069B81B /* Scene.swift in Sources */,
				9641817022478C900019CABD /* TeacherClassificationViewModel.swift in Sources */,
				96C0A845226C832D00AE733A /* UserCell.swift in Sources */,
				9639AE672270989C009C35A9 /* KeyboardChangeFrameObserver.swift in Sources */,
				964181802247C5570019CABD /* TeacherRepository.swift in Sources */,
				961A878F2240484200846538 /* Language.swift in Sources */,
				9699ABA42232A2C7006D2F73 /* ApiError.swift in Sources */,
				96F3A3732239080B00FB63EF /* BaseViewModel.swift in Sources */,
				96C569A8226B0A9300B16A7C /* TableDataSource.swift in Sources */,
				968D05BC2261EDF6003F7D49 /* CellItemType.swift in Sources */,
				96B49FAC223EC1C500B23A5B /* SettingsRepository.swift in Sources */,
				96861073222AA55F0069B81B /* UIColor+.swift in Sources */,
				96C569AA226B18B800B16A7C /* DynamicValueFieldArrayViewModelProtocol.swift in Sources */,
				9654A4FD2246A02200778ED1 /* TeacherCourseCell.swift in Sources */,
				96B49FAA223EBF8E00B23A5B /* Settings.swift in Sources */,
				96F3A3832239B02E00FB63EF /* ClassificationCell.swift in Sources */,
				9686108B222B1B210069B81B /* SceneTransitionType.swift in Sources */,
				96F3A3852239B4B200FB63EF /* BaseTableViewController.swift in Sources */,
				96B20DAB2236CEA9004794BE /* CAGradeintLayer+.swift in Sources */,
				968D05C422637F36003F7D49 /* DynamicValueCell.swift in Sources */,
				96939EF0223C1FEE00A49E57 /* Unwrap+.swift in Sources */,
				964181722247A7BB0019CABD /* StudentClassificationViewModel.swift in Sources */,
				96C0A843226C78DC00AE733A /* StudentSearchViewController.swift in Sources */,
			);
			runOnlyForDeploymentPostprocessing = 0;
		};
		9682A6A9222D1ABC00773E28 /* Sources */ = {
			isa = PBXSourcesBuildPhase;
			buildActionMask = 2147483647;
			files = (
				96939EE1223B970600A49E57 /* CourseRepositoryTests.swift in Sources */,
				96939EE4223B98BA00A49E57 /* CourseStudent.swift in Sources */,
				96C569AC226B623600B16A7C /* DynamicValueCellViewModelTests.swift in Sources */,
				965ADAF32235976300AA8CF4 /* Result.swift in Sources */,
				96E8C642224BE60C005F32F8 /* AppDependencyMock.swift in Sources */,
				96939EF4223C274C00A49E57 /* CourseStudentRepositoryMock.swift in Sources */,
				96C0A84B226CDA7C00AE733A /* StudentSearchViewModelTests.swift in Sources */,
				96C87472224BEDA9009FB47F /* CoursesRepositoryMock.swift in Sources */,
				96C569A22268D99A00B16A7C /* StudentClassificationViewModelTests.swift in Sources */,
				963C62902234307300B01818 /* EnvironmentConfigurationMock.swift in Sources */,
				963C628D22342ED300B01818 /* LoginViewModelTests.swift in Sources */,
				963C628B22341FDC00B01818 /* GradesAPIMock.swift in Sources */,
				963C62982234542E00B01818 /* HttpServiceMock.swift in Sources */,
				96E8C644224BE8BA005F32F8 /* SettingsRepositoryMock.swift in Sources */,
				96580714222FFA810065E23D /* CourseListViewModelTests.swift in Sources */,
				963C62922234314200B01818 /* SceneCoordinatorMock.swift in Sources */,
				96C7B9CA226069FA00E39F9A /* CoursesRepositoryTests.swift in Sources */,
				963C6296223432FD00B01818 /* AuthenticationServiceMock.swift in Sources */,
			);
			runOnlyForDeploymentPostprocessing = 0;
		};
/* End PBXSourcesBuildPhase section */

/* Begin PBXTargetDependency section */
		961BCE7C222C3D8E00BD6663 /* PBXTargetDependency */ = {
			isa = PBXTargetDependency;
			target = 96520E902223D65F00AB6499 /* Grades */;
			targetProxy = 961BCE7B222C3D8E00BD6663 /* PBXContainerItemProxy */;
		};
		9682A6B3222D1ABC00773E28 /* PBXTargetDependency */ = {
			isa = PBXTargetDependency;
			target = 96520E902223D65F00AB6499 /* Grades */;
			targetProxy = 9682A6B2222D1ABC00773E28 /* PBXContainerItemProxy */;
		};
/* End PBXTargetDependency section */

/* Begin PBXVariantGroup section */
		9608B9AB2223F10F00E1CEAF /* Localizable.strings */ = {
			isa = PBXVariantGroup;
			children = (
				9608B9BD22241B9100E1CEAF /* en */,
				9608B9BE22241BCD00E1CEAF /* cs */,
			);
			name = Localizable.strings;
			sourceTree = "<group>";
		};
		96520E982223D65F00AB6499 /* Main.storyboard */ = {
			isa = PBXVariantGroup;
			children = (
				9608B9BF22241BDC00E1CEAF /* en */,
			);
			name = Main.storyboard;
			sourceTree = "<group>";
		};
		96520E9D2223D66000AB6499 /* LaunchScreen.storyboard */ = {
			isa = PBXVariantGroup;
			children = (
				9608B9C022241BE000E1CEAF /* en */,
			);
			name = LaunchScreen.storyboard;
			sourceTree = "<group>";
		};
/* End PBXVariantGroup section */

/* Begin XCBuildConfiguration section */
		961BCE7E222C3D8E00BD6663 /* Debug */ = {
			isa = XCBuildConfiguration;
			buildSettings = {
				CODE_SIGN_STYLE = Automatic;
				DEVELOPMENT_TEAM = FKAQE2Z826;
				INFOPLIST_FILE = GradesUITests/Info.plist;
				LD_RUNPATH_SEARCH_PATHS = (
					"$(inherited)",
					"@executable_path/Frameworks",
					"@loader_path/Frameworks",
				);
				PRODUCT_BUNDLE_IDENTIFIER = cz.cvut.fit.jiri.zdvomka.GradesUITests;
				PRODUCT_NAME = "$(TARGET_NAME)";
				SWIFT_VERSION = 5.0;
				TARGETED_DEVICE_FAMILY = "1,2";
				TEST_TARGET_NAME = Grades;
			};
			name = Debug;
		};
		961BCE7F222C3D8E00BD6663 /* Release */ = {
			isa = XCBuildConfiguration;
			buildSettings = {
				CODE_SIGN_STYLE = Automatic;
				DEVELOPMENT_TEAM = FKAQE2Z826;
				INFOPLIST_FILE = GradesUITests/Info.plist;
				LD_RUNPATH_SEARCH_PATHS = (
					"$(inherited)",
					"@executable_path/Frameworks",
					"@loader_path/Frameworks",
				);
				PRODUCT_BUNDLE_IDENTIFIER = cz.cvut.fit.jiri.zdvomka.GradesUITests;
				PRODUCT_NAME = "$(TARGET_NAME)";
				SWIFT_VERSION = 5.0;
				TARGETED_DEVICE_FAMILY = "1,2";
				TEST_TARGET_NAME = Grades;
			};
			name = Release;
		};
		96520EA12223D66000AB6499 /* Debug */ = {
			isa = XCBuildConfiguration;
			buildSettings = {
				ALWAYS_SEARCH_USER_PATHS = NO;
				CLANG_ANALYZER_LOCALIZABILITY_NONLOCALIZED = YES;
				CLANG_ANALYZER_NONNULL = YES;
				CLANG_ANALYZER_NUMBER_OBJECT_CONVERSION = YES_AGGRESSIVE;
				CLANG_CXX_LANGUAGE_STANDARD = "gnu++14";
				CLANG_CXX_LIBRARY = "libc++";
				CLANG_ENABLE_MODULES = YES;
				CLANG_ENABLE_OBJC_ARC = YES;
				CLANG_ENABLE_OBJC_WEAK = YES;
				CLANG_WARN_BLOCK_CAPTURE_AUTORELEASING = YES;
				CLANG_WARN_BOOL_CONVERSION = YES;
				CLANG_WARN_COMMA = YES;
				CLANG_WARN_CONSTANT_CONVERSION = YES;
				CLANG_WARN_DEPRECATED_OBJC_IMPLEMENTATIONS = YES;
				CLANG_WARN_DIRECT_OBJC_ISA_USAGE = YES_ERROR;
				CLANG_WARN_DOCUMENTATION_COMMENTS = YES;
				CLANG_WARN_EMPTY_BODY = YES;
				CLANG_WARN_ENUM_CONVERSION = YES;
				CLANG_WARN_INFINITE_RECURSION = YES;
				CLANG_WARN_INT_CONVERSION = YES;
				CLANG_WARN_NON_LITERAL_NULL_CONVERSION = YES;
				CLANG_WARN_OBJC_IMPLICIT_RETAIN_SELF = YES;
				CLANG_WARN_OBJC_LITERAL_CONVERSION = YES;
				CLANG_WARN_OBJC_ROOT_CLASS = YES_ERROR;
				CLANG_WARN_RANGE_LOOP_ANALYSIS = YES;
				CLANG_WARN_STRICT_PROTOTYPES = YES;
				CLANG_WARN_SUSPICIOUS_MOVE = YES;
				CLANG_WARN_UNGUARDED_AVAILABILITY = YES_AGGRESSIVE;
				CLANG_WARN_UNREACHABLE_CODE = YES;
				CLANG_WARN__DUPLICATE_METHOD_MATCH = YES;
				CODE_SIGN_IDENTITY = "iPhone Developer";
				COPY_PHASE_STRIP = NO;
				DEBUG_INFORMATION_FORMAT = dwarf;
				ENABLE_STRICT_OBJC_MSGSEND = YES;
				ENABLE_TESTABILITY = YES;
				GCC_C_LANGUAGE_STANDARD = gnu11;
				GCC_DYNAMIC_NO_PIC = NO;
				GCC_NO_COMMON_BLOCKS = YES;
				GCC_OPTIMIZATION_LEVEL = 0;
				GCC_PREPROCESSOR_DEFINITIONS = (
					"DEBUG=1",
					"$(inherited)",
				);
				GCC_WARN_64_TO_32_BIT_CONVERSION = YES;
				GCC_WARN_ABOUT_RETURN_TYPE = YES_ERROR;
				GCC_WARN_UNDECLARED_SELECTOR = YES;
				GCC_WARN_UNINITIALIZED_AUTOS = YES_AGGRESSIVE;
				GCC_WARN_UNUSED_FUNCTION = YES;
				GCC_WARN_UNUSED_VARIABLE = YES;
				IPHONEOS_DEPLOYMENT_TARGET = 12.1;
				MTL_ENABLE_DEBUG_INFO = INCLUDE_SOURCE;
				MTL_FAST_MATH = YES;
				ONLY_ACTIVE_ARCH = YES;
				SDKROOT = iphoneos;
				SWIFT_ACTIVE_COMPILATION_CONDITIONS = DEBUG;
				SWIFT_OPTIMIZATION_LEVEL = "-Onone";
			};
			name = Debug;
		};
		96520EA22223D66000AB6499 /* Release */ = {
			isa = XCBuildConfiguration;
			buildSettings = {
				ALWAYS_SEARCH_USER_PATHS = NO;
				CLANG_ANALYZER_LOCALIZABILITY_NONLOCALIZED = YES;
				CLANG_ANALYZER_NONNULL = YES;
				CLANG_ANALYZER_NUMBER_OBJECT_CONVERSION = YES_AGGRESSIVE;
				CLANG_CXX_LANGUAGE_STANDARD = "gnu++14";
				CLANG_CXX_LIBRARY = "libc++";
				CLANG_ENABLE_MODULES = YES;
				CLANG_ENABLE_OBJC_ARC = YES;
				CLANG_ENABLE_OBJC_WEAK = YES;
				CLANG_WARN_BLOCK_CAPTURE_AUTORELEASING = YES;
				CLANG_WARN_BOOL_CONVERSION = YES;
				CLANG_WARN_COMMA = YES;
				CLANG_WARN_CONSTANT_CONVERSION = YES;
				CLANG_WARN_DEPRECATED_OBJC_IMPLEMENTATIONS = YES;
				CLANG_WARN_DIRECT_OBJC_ISA_USAGE = YES_ERROR;
				CLANG_WARN_DOCUMENTATION_COMMENTS = YES;
				CLANG_WARN_EMPTY_BODY = YES;
				CLANG_WARN_ENUM_CONVERSION = YES;
				CLANG_WARN_INFINITE_RECURSION = YES;
				CLANG_WARN_INT_CONVERSION = YES;
				CLANG_WARN_NON_LITERAL_NULL_CONVERSION = YES;
				CLANG_WARN_OBJC_IMPLICIT_RETAIN_SELF = YES;
				CLANG_WARN_OBJC_LITERAL_CONVERSION = YES;
				CLANG_WARN_OBJC_ROOT_CLASS = YES_ERROR;
				CLANG_WARN_RANGE_LOOP_ANALYSIS = YES;
				CLANG_WARN_STRICT_PROTOTYPES = YES;
				CLANG_WARN_SUSPICIOUS_MOVE = YES;
				CLANG_WARN_UNGUARDED_AVAILABILITY = YES_AGGRESSIVE;
				CLANG_WARN_UNREACHABLE_CODE = YES;
				CLANG_WARN__DUPLICATE_METHOD_MATCH = YES;
				CODE_SIGN_IDENTITY = "iPhone Developer";
				COPY_PHASE_STRIP = NO;
				DEBUG_INFORMATION_FORMAT = "dwarf-with-dsym";
				ENABLE_NS_ASSERTIONS = NO;
				ENABLE_STRICT_OBJC_MSGSEND = YES;
				GCC_C_LANGUAGE_STANDARD = gnu11;
				GCC_NO_COMMON_BLOCKS = YES;
				GCC_WARN_64_TO_32_BIT_CONVERSION = YES;
				GCC_WARN_ABOUT_RETURN_TYPE = YES_ERROR;
				GCC_WARN_UNDECLARED_SELECTOR = YES;
				GCC_WARN_UNINITIALIZED_AUTOS = YES_AGGRESSIVE;
				GCC_WARN_UNUSED_FUNCTION = YES;
				GCC_WARN_UNUSED_VARIABLE = YES;
				IPHONEOS_DEPLOYMENT_TARGET = 12.1;
				MTL_ENABLE_DEBUG_INFO = NO;
				MTL_FAST_MATH = YES;
				SDKROOT = iphoneos;
				SWIFT_COMPILATION_MODE = wholemodule;
				SWIFT_OPTIMIZATION_LEVEL = "-O";
				VALIDATE_PRODUCT = YES;
			};
			name = Release;
		};
		96520EA42223D66000AB6499 /* Debug */ = {
			isa = XCBuildConfiguration;
			buildSettings = {
				APP_VERSION = 1.0.0;
				ASSETCATALOG_COMPILER_APPICON_NAME = AppIcon;
				CODE_SIGN_STYLE = Automatic;
				CONFIG_ENVIRONMENT = Debug;
				DEVELOPMENT_TEAM = FKAQE2Z826;
				FRAMEWORK_SEARCH_PATHS = (
					"$(inherited)",
					"$(PROJECT_DIR)/Carthage/Build/iOS",
				);
				INFOPLIST_FILE = Grades/Info.plist;
				INFOPLIST_PREFIX_HEADER = "$(PROJECT_DIR)/info_preprocess_header.h";
				INFOPLIST_PREPROCESS = YES;
				LD_RUNPATH_SEARCH_PATHS = (
					"$(inherited)",
					"@executable_path/Frameworks",
				);
				PRODUCT_BUNDLE_IDENTIFIER = cz.cvut.fit.Grades;
				PRODUCT_NAME = GradesDev;
				SWIFT_VERSION = 5.0;
				TARGETED_DEVICE_FAMILY = "1,2";
			};
			name = Debug;
		};
		96520EA52223D66000AB6499 /* Release */ = {
			isa = XCBuildConfiguration;
			buildSettings = {
				APP_VERSION = 1.0.0;
				ASSETCATALOG_COMPILER_APPICON_NAME = AppIcon;
				CODE_SIGN_STYLE = Automatic;
				CONFIG_ENVIRONMENT = Release;
				DEVELOPMENT_TEAM = FKAQE2Z826;
				FRAMEWORK_SEARCH_PATHS = (
					"$(inherited)",
					"$(PROJECT_DIR)/Carthage/Build/iOS",
				);
				INFOPLIST_FILE = Grades/Info.plist;
				INFOPLIST_PREFIX_HEADER = "$(PROJECT_DIR)/info_preprocess_header.h";
				INFOPLIST_PREPROCESS = YES;
				LD_RUNPATH_SEARCH_PATHS = (
					"$(inherited)",
					"@executable_path/Frameworks",
				);
				PRODUCT_BUNDLE_IDENTIFIER = cz.cvut.fit.Grades;
				PRODUCT_NAME = "$(TARGET_NAME)";
				SWIFT_VERSION = 5.0;
				TARGETED_DEVICE_FAMILY = "1,2";
			};
			name = Release;
		};
		9682A6B5222D1ABC00773E28 /* Debug */ = {
			isa = XCBuildConfiguration;
			buildSettings = {
				BUNDLE_LOADER = "$(TEST_HOST)";
				CODE_SIGN_STYLE = Automatic;
				DEVELOPMENT_TEAM = FKAQE2Z826;
				FRAMEWORK_SEARCH_PATHS = (
					"$(inherited)",
					"$(PROJECT_DIR)/Carthage/Build/iOS",
				);
				INFOPLIST_FILE = GradesTests/Info.plist;
				LD_RUNPATH_SEARCH_PATHS = (
					"$(inherited)",
					"@executable_path/Frameworks",
					"@loader_path/Frameworks",
				);
				PRODUCT_BUNDLE_IDENTIFIER = cz.cvut.fit.jiri.zdvomka.GradesTests;
				PRODUCT_NAME = "$(TARGET_NAME)";
				SWIFT_VERSION = 5.0;
				TARGETED_DEVICE_FAMILY = "1,2";
				TEST_HOST = "$(BUILT_PRODUCTS_DIR)/GradesDev.app/GradesDev";
			};
			name = Debug;
		};
		9682A6B6222D1ABC00773E28 /* Release */ = {
			isa = XCBuildConfiguration;
			buildSettings = {
				BUNDLE_LOADER = "$(TEST_HOST)";
				CODE_SIGN_STYLE = Automatic;
				DEVELOPMENT_TEAM = FKAQE2Z826;
				FRAMEWORK_SEARCH_PATHS = (
					"$(inherited)",
					"$(PROJECT_DIR)/Carthage/Build/iOS",
				);
				INFOPLIST_FILE = GradesTests/Info.plist;
				LD_RUNPATH_SEARCH_PATHS = (
					"$(inherited)",
					"@executable_path/Frameworks",
					"@loader_path/Frameworks",
				);
				PRODUCT_BUNDLE_IDENTIFIER = cz.cvut.fit.jiri.zdvomka.GradesTests;
				PRODUCT_NAME = "$(TARGET_NAME)";
				SWIFT_VERSION = 5.0;
				TARGETED_DEVICE_FAMILY = "1,2";
				TEST_HOST = "$(BUILT_PRODUCTS_DIR)/GradesDev.app/GradesDev";
			};
			name = Release;
		};
/* End XCBuildConfiguration section */

/* Begin XCConfigurationList section */
		961BCE7D222C3D8E00BD6663 /* Build configuration list for PBXNativeTarget "GradesUITests" */ = {
			isa = XCConfigurationList;
			buildConfigurations = (
				961BCE7E222C3D8E00BD6663 /* Debug */,
				961BCE7F222C3D8E00BD6663 /* Release */,
			);
			defaultConfigurationIsVisible = 0;
			defaultConfigurationName = Release;
		};
		96520E8C2223D65F00AB6499 /* Build configuration list for PBXProject "Grades" */ = {
			isa = XCConfigurationList;
			buildConfigurations = (
				96520EA12223D66000AB6499 /* Debug */,
				96520EA22223D66000AB6499 /* Release */,
			);
			defaultConfigurationIsVisible = 0;
			defaultConfigurationName = Release;
		};
		96520EA32223D66000AB6499 /* Build configuration list for PBXNativeTarget "Grades" */ = {
			isa = XCConfigurationList;
			buildConfigurations = (
				96520EA42223D66000AB6499 /* Debug */,
				96520EA52223D66000AB6499 /* Release */,
			);
			defaultConfigurationIsVisible = 0;
			defaultConfigurationName = Release;
		};
		9682A6B4222D1ABC00773E28 /* Build configuration list for PBXNativeTarget "GradesTests" */ = {
			isa = XCConfigurationList;
			buildConfigurations = (
				9682A6B5222D1ABC00773E28 /* Debug */,
				9682A6B6222D1ABC00773E28 /* Release */,
			);
			defaultConfigurationIsVisible = 0;
			defaultConfigurationName = Release;
		};
/* End XCConfigurationList section */
	};
	rootObject = 96520E892223D65F00AB6499 /* Project object */;
}
