// !$*UTF8*$!
{
	archiveVersion = 1;
	classes = {
	};
	objectVersion = 50;
	objects = {

/* Begin PBXBuildFile section */
		9608B9AD2223F10F00E1CEAF /* Localizable.strings in Resources */ = {isa = PBXBuildFile; fileRef = 9608B9AB2223F10F00E1CEAF /* Localizable.strings */; };
		9608B9B12224149700E1CEAF /* Strings.swift in Sources */ = {isa = PBXBuildFile; fileRef = 9608B9B02224149700E1CEAF /* Strings.swift */; };
		9608B9C92224364200E1CEAF /* EnvironmentConfiguration.swift in Sources */ = {isa = PBXBuildFile; fileRef = 9608B9C82224364200E1CEAF /* EnvironmentConfiguration.swift */; };
		961A2FD422293AD000A624DC /* Debug.plist in Resources */ = {isa = PBXBuildFile; fileRef = 961A2FD322293AD000A624DC /* Debug.plist */; };
		961A2FD622293AE000A624DC /* Release.plist in Resources */ = {isa = PBXBuildFile; fileRef = 961A2FD522293AE000A624DC /* Release.plist */; };
		961A2FD822293AEA00A624DC /* Common.plist in Resources */ = {isa = PBXBuildFile; fileRef = 961A2FD722293AEA00A624DC /* Common.plist */; };
		961A2FDE22294F4500A624DC /* PlistDocument.swift in Sources */ = {isa = PBXBuildFile; fileRef = 961A2FDD22294F4500A624DC /* PlistDocument.swift */; };
		961A2FE1222988D700A624DC /* AuthenticationService.swift in Sources */ = {isa = PBXBuildFile; fileRef = 961A2FE0222988D700A624DC /* AuthenticationService.swift */; };
		961A2FF12229D44A00A624DC /* LoginViewModel.swift in Sources */ = {isa = PBXBuildFile; fileRef = 961A2FF02229D44A00A624DC /* LoginViewModel.swift */; };
		96520E952223D65F00AB6499 /* AppDelegate.swift in Sources */ = {isa = PBXBuildFile; fileRef = 96520E942223D65F00AB6499 /* AppDelegate.swift */; };
		96520E972223D65F00AB6499 /* ViewController.swift in Sources */ = {isa = PBXBuildFile; fileRef = 96520E962223D65F00AB6499 /* ViewController.swift */; };
		96520E9A2223D65F00AB6499 /* Main.storyboard in Resources */ = {isa = PBXBuildFile; fileRef = 96520E982223D65F00AB6499 /* Main.storyboard */; };
		96520E9C2223D66000AB6499 /* Assets.xcassets in Resources */ = {isa = PBXBuildFile; fileRef = 96520E9B2223D66000AB6499 /* Assets.xcassets */; };
		96520E9F2223D66000AB6499 /* LaunchScreen.storyboard in Resources */ = {isa = PBXBuildFile; fileRef = 96520E9D2223D66000AB6499 /* LaunchScreen.storyboard */; };
		967D1E512223E20B007E5217 /* SnapKit.framework in Frameworks */ = {isa = PBXBuildFile; fileRef = 967D1E402223DDD3007E5217 /* SnapKit.framework */; };
		969398AB2226DC7600841818 /* OAuthSwift.framework in Frameworks */ = {isa = PBXBuildFile; fileRef = 969398A92226D4A700841818 /* OAuthSwift.framework */; };
/* End PBXBuildFile section */

/* Begin PBXFileReference section */
		9608B9B02224149700E1CEAF /* Strings.swift */ = {isa = PBXFileReference; lastKnownFileType = sourcecode.swift; path = Strings.swift; sourceTree = "<group>"; };
		9608B9BD22241B9100E1CEAF /* en */ = {isa = PBXFileReference; lastKnownFileType = text.plist.strings; name = en; path = en.lproj/Localizable.strings; sourceTree = "<group>"; };
		9608B9BE22241BCD00E1CEAF /* cs */ = {isa = PBXFileReference; lastKnownFileType = text.plist.strings; name = cs; path = cs.lproj/Localizable.strings; sourceTree = "<group>"; };
		9608B9BF22241BDC00E1CEAF /* en */ = {isa = PBXFileReference; lastKnownFileType = file.storyboard; name = en; path = en.lproj/Main.storyboard; sourceTree = "<group>"; };
		9608B9C022241BE000E1CEAF /* en */ = {isa = PBXFileReference; lastKnownFileType = file.storyboard; name = en; path = en.lproj/LaunchScreen.storyboard; sourceTree = "<group>"; };
		9608B9C82224364200E1CEAF /* EnvironmentConfiguration.swift */ = {isa = PBXFileReference; lastKnownFileType = sourcecode.swift; path = EnvironmentConfiguration.swift; sourceTree = "<group>"; };
		9614CF0D2228669F00FB4A05 /* Bagel.framework */ = {isa = PBXFileReference; lastKnownFileType = wrapper.framework; name = Bagel.framework; path = Carthage/Build/iOS/Bagel.framework; sourceTree = "<group>"; };
		9614CF0F2228687400FB4A05 /* CocoaAsyncSocket.framework */ = {isa = PBXFileReference; lastKnownFileType = wrapper.framework; name = CocoaAsyncSocket.framework; path = Carthage/Build/iOS/CocoaAsyncSocket.framework; sourceTree = "<group>"; };
		961A2FD322293AD000A624DC /* Debug.plist */ = {isa = PBXFileReference; lastKnownFileType = text.plist.xml; path = Debug.plist; sourceTree = "<group>"; };
		961A2FD522293AE000A624DC /* Release.plist */ = {isa = PBXFileReference; lastKnownFileType = text.plist.xml; path = Release.plist; sourceTree = "<group>"; };
		961A2FD722293AEA00A624DC /* Common.plist */ = {isa = PBXFileReference; lastKnownFileType = text.plist.xml; path = Common.plist; sourceTree = "<group>"; };
		961A2FDD22294F4500A624DC /* PlistDocument.swift */ = {isa = PBXFileReference; lastKnownFileType = sourcecode.swift; path = PlistDocument.swift; sourceTree = "<group>"; };
		961A2FE0222988D700A624DC /* AuthenticationService.swift */ = {isa = PBXFileReference; lastKnownFileType = sourcecode.swift; path = AuthenticationService.swift; sourceTree = "<group>"; };
		961A2FF02229D44A00A624DC /* LoginViewModel.swift */ = {isa = PBXFileReference; lastKnownFileType = sourcecode.swift; path = LoginViewModel.swift; sourceTree = "<group>"; };
		96520E912223D65F00AB6499 /* GradesDev.app */ = {isa = PBXFileReference; explicitFileType = wrapper.application; includeInIndex = 0; path = GradesDev.app; sourceTree = BUILT_PRODUCTS_DIR; };
		96520E942223D65F00AB6499 /* AppDelegate.swift */ = {isa = PBXFileReference; lastKnownFileType = sourcecode.swift; path = AppDelegate.swift; sourceTree = "<group>"; };
		96520E962223D65F00AB6499 /* ViewController.swift */ = {isa = PBXFileReference; lastKnownFileType = sourcecode.swift; path = ViewController.swift; sourceTree = "<group>"; };
		96520E9B2223D66000AB6499 /* Assets.xcassets */ = {isa = PBXFileReference; lastKnownFileType = folder.assetcatalog; path = Assets.xcassets; sourceTree = "<group>"; };
		96520EA02223D66000AB6499 /* Info.plist */ = {isa = PBXFileReference; lastKnownFileType = text.plist.xml; path = Info.plist; sourceTree = "<group>"; };
		967D1E402223DDD3007E5217 /* SnapKit.framework */ = {isa = PBXFileReference; lastKnownFileType = wrapper.framework; name = SnapKit.framework; path = Carthage/Build/iOS/SnapKit.framework; sourceTree = "<group>"; };
		969398A92226D4A700841818 /* OAuthSwift.framework */ = {isa = PBXFileReference; lastKnownFileType = wrapper.framework; name = OAuthSwift.framework; path = Carthage/Build/iOS/OAuthSwift.framework; sourceTree = "<group>"; };
/* End PBXFileReference section */

/* Begin PBXFrameworksBuildPhase section */
		96520E8E2223D65F00AB6499 /* Frameworks */ = {
			isa = PBXFrameworksBuildPhase;
			buildActionMask = 2147483647;
			files = (
				967D1E512223E20B007E5217 /* SnapKit.framework in Frameworks */,
				969398AB2226DC7600841818 /* OAuthSwift.framework in Frameworks */,
			);
			runOnlyForDeploymentPostprocessing = 0;
		};
/* End PBXFrameworksBuildPhase section */

/* Begin PBXGroup section */
		9608B9AF2224148900E1CEAF /* Generated */ = {
			isa = PBXGroup;
			children = (
				9608B9B02224149700E1CEAF /* Strings.swift */,
			);
			path = Generated;
			sourceTree = "<group>";
		};
		9608B9C522242CCB00E1CEAF /* Configuration */ = {
			isa = PBXGroup;
			children = (
				9608B9C82224364200E1CEAF /* EnvironmentConfiguration.swift */,
				961A2FD322293AD000A624DC /* Debug.plist */,
				961A2FD522293AE000A624DC /* Release.plist */,
				961A2FD722293AEA00A624DC /* Common.plist */,
				961A2FDD22294F4500A624DC /* PlistDocument.swift */,
			);
			path = Configuration;
			sourceTree = "<group>";
		};
		961A2FDF222988C500A624DC /* Services */ = {
			isa = PBXGroup;
			children = (
				961A2FE0222988D700A624DC /* AuthenticationService.swift */,
			);
			path = Services;
			sourceTree = "<group>";
		};
		961A2FEF2229D43900A624DC /* ViewModel */ = {
			isa = PBXGroup;
			children = (
				961A2FF02229D44A00A624DC /* LoginViewModel.swift */,
			);
			path = ViewModel;
			sourceTree = "<group>";
		};
		96520E882223D65E00AB6499 = {
			isa = PBXGroup;
			children = (
				96520E932223D65F00AB6499 /* Grades */,
				96520E922223D65F00AB6499 /* Products */,
				967D1E3F2223DDD3007E5217 /* Frameworks */,
			);
			sourceTree = "<group>";
		};
		96520E922223D65F00AB6499 /* Products */ = {
			isa = PBXGroup;
			children = (
				96520E912223D65F00AB6499 /* GradesDev.app */,
			);
			name = Products;
			sourceTree = "<group>";
		};
		96520E932223D65F00AB6499 /* Grades */ = {
			isa = PBXGroup;
			children = (
				961A2FEF2229D43900A624DC /* ViewModel */,
				961A2FDF222988C500A624DC /* Services */,
				9608B9C522242CCB00E1CEAF /* Configuration */,
				9608B9AF2224148900E1CEAF /* Generated */,
				967D1E432223DE69007E5217 /* Resources */,
				96520E942223D65F00AB6499 /* AppDelegate.swift */,
				96520E962223D65F00AB6499 /* ViewController.swift */,
				96520EA02223D66000AB6499 /* Info.plist */,
				9608B9AB2223F10F00E1CEAF /* Localizable.strings */,
			);
			path = Grades;
			sourceTree = "<group>";
		};
		967D1E3F2223DDD3007E5217 /* Frameworks */ = {
			isa = PBXGroup;
			children = (
				9614CF0F2228687400FB4A05 /* CocoaAsyncSocket.framework */,
				9614CF0D2228669F00FB4A05 /* Bagel.framework */,
				969398A92226D4A700841818 /* OAuthSwift.framework */,
				967D1E402223DDD3007E5217 /* SnapKit.framework */,
			);
			name = Frameworks;
			sourceTree = "<group>";
		};
		967D1E432223DE69007E5217 /* Resources */ = {
			isa = PBXGroup;
			children = (
				96520E982223D65F00AB6499 /* Main.storyboard */,
				96520E9D2223D66000AB6499 /* LaunchScreen.storyboard */,
				96520E9B2223D66000AB6499 /* Assets.xcassets */,
			);
			path = Resources;
			sourceTree = "<group>";
		};
/* End PBXGroup section */

/* Begin PBXNativeTarget section */
		96520E902223D65F00AB6499 /* Grades */ = {
			isa = PBXNativeTarget;
			buildConfigurationList = 96520EA32223D66000AB6499 /* Build configuration list for PBXNativeTarget "Grades" */;
			buildPhases = (
				967D1E522223E2F3007E5217 /* SwiftLint */,
				9608B9C122241EC700E1CEAF /* SwiftGen */,
				961A2FEE2229C59400A624DC /* SwiftFormat */,
				967D1E3E2223DCEE007E5217 /* Carthage */,
				967D1E422223DE26007E5217 /* Carthage outdated */,
				9608B9A82223EB0900E1CEAF /* Generate preprocess header */,
				96520E8D2223D65F00AB6499 /* Sources */,
				96520E8E2223D65F00AB6499 /* Frameworks */,
				96520E8F2223D65F00AB6499 /* Resources */,
			);
			buildRules = (
			);
			dependencies = (
			);
			name = Grades;
			productName = Classification;
			productReference = 96520E912223D65F00AB6499 /* GradesDev.app */;
			productType = "com.apple.product-type.application";
		};
/* End PBXNativeTarget section */

/* Begin PBXProject section */
		96520E892223D65F00AB6499 /* Project object */ = {
			isa = PBXProject;
			attributes = {
				LastSwiftUpdateCheck = 1010;
				LastUpgradeCheck = 1010;
				ORGANIZATIONNAME = jiri.zdovmka;
				TargetAttributes = {
					96520E902223D65F00AB6499 = {
						CreatedOnToolsVersion = 10.1;
					};
				};
			};
			buildConfigurationList = 96520E8C2223D65F00AB6499 /* Build configuration list for PBXProject "Grades" */;
			compatibilityVersion = "Xcode 9.3";
			developmentRegion = en;
			hasScannedForEncodings = 0;
			knownRegions = (
				cs,
				en,
			);
			mainGroup = 96520E882223D65E00AB6499;
			productRefGroup = 96520E922223D65F00AB6499 /* Products */;
			projectDirPath = "";
			projectRoot = "";
			targets = (
				96520E902223D65F00AB6499 /* Grades */,
			);
		};
/* End PBXProject section */

/* Begin PBXResourcesBuildPhase section */
		96520E8F2223D65F00AB6499 /* Resources */ = {
			isa = PBXResourcesBuildPhase;
			buildActionMask = 2147483647;
			files = (
				96520E9F2223D66000AB6499 /* LaunchScreen.storyboard in Resources */,
				9608B9AD2223F10F00E1CEAF /* Localizable.strings in Resources */,
				96520E9C2223D66000AB6499 /* Assets.xcassets in Resources */,
				96520E9A2223D65F00AB6499 /* Main.storyboard in Resources */,
				961A2FD422293AD000A624DC /* Debug.plist in Resources */,
				961A2FD622293AE000A624DC /* Release.plist in Resources */,
				961A2FD822293AEA00A624DC /* Common.plist in Resources */,
			);
			runOnlyForDeploymentPostprocessing = 0;
		};
/* End PBXResourcesBuildPhase section */

/* Begin PBXShellScriptBuildPhase section */
		9608B9A82223EB0900E1CEAF /* Generate preprocess header */ = {
			isa = PBXShellScriptBuildPhase;
			buildActionMask = 2147483647;
			files = (
			);
			inputFileListPaths = (
			);
			inputPaths = (
			);
			name = "Generate preprocess header";
			outputFileListPaths = (
			);
			outputPaths = (
			);
			runOnlyForDeploymentPostprocessing = 0;
			shellPath = /bin/sh;
			shellScript = "# Generate BUILD_NUMBER\nCOMMITS=`git rev-list HEAD --count`\nHEADER_FILE=\"$PROJECT_DIR/info_preprocess_header.h\"\n\necho \"// Auto-generated\" > $HEADER_FILE\necho \"\" >> $HEADER_FILE\necho \"#define BUILD_NUMBER $COMMITS\" >> $HEADER_FILE\n\ntouch $INFOPLIST_FILE\n";
		};
		9608B9C122241EC700E1CEAF /* SwiftGen */ = {
			isa = PBXShellScriptBuildPhase;
			buildActionMask = 2147483647;
			files = (
			);
			inputFileListPaths = (
			);
			inputPaths = (
			);
			name = SwiftGen;
			outputFileListPaths = (
			);
			outputPaths = (
			);
			runOnlyForDeploymentPostprocessing = 0;
			shellPath = /bin/sh;
			shellScript = "# Generate strings\nswiftgen\n";
			showEnvVarsInLog = 0;
		};
		961A2FEE2229C59400A624DC /* SwiftFormat */ = {
			isa = PBXShellScriptBuildPhase;
			buildActionMask = 2147483647;
			files = (
			);
			inputFileListPaths = (
			);
			inputPaths = (
			);
			name = SwiftFormat;
			outputFileListPaths = (
			);
			outputPaths = (
			);
			runOnlyForDeploymentPostprocessing = 0;
			shellPath = /bin/sh;
			shellScript = "if which swiftformat >/dev/null; then\n    swiftformat --swiftversion 4.2 Grades\nelse\n    echo \"warning: SwiftFormat not installed, download from https://github.com/nicklockwood/SwiftFormat\"\nfi\n";
		};
		967D1E3E2223DCEE007E5217 /* Carthage */ = {
			isa = PBXShellScriptBuildPhase;
			buildActionMask = 2147483647;
			files = (
			);
			inputFileListPaths = (
			);
			inputPaths = (
				"$(SRCROOT)/Carthage/Build/iOS/SnapKit.framework",
				"$(SRCROOT)/Carthage/Build/iOS/OAuthSwift.framework",
				"$(SRCROOT)/Carthage/Build/iOS/RxSwift.framework",
				"$(SRCROOT)/Carthage/Build/iOS/RxCocoa.framework",
			);
			name = Carthage;
			outputFileListPaths = (
			);
			outputPaths = (
				"$(BUILT_PRODUCTS_DIR)/$(FRAMEWORKS_FOLDER_PATH)/SnapKit.framework",
				"$(BUILT_PRODUCTS_DIR)/$(FRAMEWORKS_FOLDER_PATH)/OAuthSwift.framework",
				"$(BUILT_PRODUCTS_DIR)/$(FRAMEWORKS_FOLDER_PATH)/RxSwift.framework",
				"$(BUILT_PRODUCTS_DIR)/$(FRAMEWORKS_FOLDER_PATH)/RxCocoa.framework",
			);
			runOnlyForDeploymentPostprocessing = 0;
			shellPath = /bin/sh;
			shellScript = "# Type a script or drag a script file from your workspace to insert its path.\n/usr/local/bin/carthage copy-frameworks\n";
		};
		967D1E422223DE26007E5217 /* Carthage outdated */ = {
			isa = PBXShellScriptBuildPhase;
			buildActionMask = 2147483647;
			files = (
			);
			inputFileListPaths = (
			);
			inputPaths = (
			);
			name = "Carthage outdated";
			outputFileListPaths = (
			);
			outputPaths = (
			);
			runOnlyForDeploymentPostprocessing = 0;
			shellPath = /bin/sh;
			shellScript = "# Type a script or drag a script file from your workspace to insert its path.\n/usr/local/bin/carthage outdated --xcode-warnings\n";
		};
		967D1E522223E2F3007E5217 /* SwiftLint */ = {
			isa = PBXShellScriptBuildPhase;
			buildActionMask = 2147483647;
			files = (
			);
			inputFileListPaths = (
			);
			inputPaths = (
			);
			name = SwiftLint;
			outputFileListPaths = (
			);
			outputPaths = (
			);
			runOnlyForDeploymentPostprocessing = 0;
			shellPath = /bin/sh;
			shellScript = "if which swiftlint >/dev/null; then\n   swiftlint\nelse\n    echo \"warning: SwiftLint not installed, download from https://github.com/realm/SwiftLint\"\nfi\n";
		};
/* End PBXShellScriptBuildPhase section */

/* Begin PBXSourcesBuildPhase section */
		96520E8D2223D65F00AB6499 /* Sources */ = {
			isa = PBXSourcesBuildPhase;
			buildActionMask = 2147483647;
			files = (
				96520E972223D65F00AB6499 /* ViewController.swift in Sources */,
				9608B9B12224149700E1CEAF /* Strings.swift in Sources */,
				9608B9C92224364200E1CEAF /* EnvironmentConfiguration.swift in Sources */,
				961A2FE1222988D700A624DC /* AuthenticationService.swift in Sources */,
				961A2FDE22294F4500A624DC /* PlistDocument.swift in Sources */,
				96520E952223D65F00AB6499 /* AppDelegate.swift in Sources */,
				961A2FF12229D44A00A624DC /* LoginViewModel.swift in Sources */,
			);
			runOnlyForDeploymentPostprocessing = 0;
		};
/* End PBXSourcesBuildPhase section */

/* Begin PBXVariantGroup section */
		9608B9AB2223F10F00E1CEAF /* Localizable.strings */ = {
			isa = PBXVariantGroup;
			children = (
				9608B9BD22241B9100E1CEAF /* en */,
				9608B9BE22241BCD00E1CEAF /* cs */,
			);
			name = Localizable.strings;
			sourceTree = "<group>";
		};
		96520E982223D65F00AB6499 /* Main.storyboard */ = {
			isa = PBXVariantGroup;
			children = (
				9608B9BF22241BDC00E1CEAF /* en */,
			);
			name = Main.storyboard;
			sourceTree = "<group>";
		};
		96520E9D2223D66000AB6499 /* LaunchScreen.storyboard */ = {
			isa = PBXVariantGroup;
			children = (
				9608B9C022241BE000E1CEAF /* en */,
			);
			name = LaunchScreen.storyboard;
			sourceTree = "<group>";
		};
/* End PBXVariantGroup section */

/* Begin XCBuildConfiguration section */
		96520EA12223D66000AB6499 /* Debug */ = {
			isa = XCBuildConfiguration;
			buildSettings = {
				ALWAYS_SEARCH_USER_PATHS = NO;
				CLANG_ANALYZER_LOCALIZABILITY_NONLOCALIZED = YES;
				CLANG_ANALYZER_NONNULL = YES;
				CLANG_ANALYZER_NUMBER_OBJECT_CONVERSION = YES_AGGRESSIVE;
				CLANG_CXX_LANGUAGE_STANDARD = "gnu++14";
				CLANG_CXX_LIBRARY = "libc++";
				CLANG_ENABLE_MODULES = YES;
				CLANG_ENABLE_OBJC_ARC = YES;
				CLANG_ENABLE_OBJC_WEAK = YES;
				CLANG_WARN_BLOCK_CAPTURE_AUTORELEASING = YES;
				CLANG_WARN_BOOL_CONVERSION = YES;
				CLANG_WARN_COMMA = YES;
				CLANG_WARN_CONSTANT_CONVERSION = YES;
				CLANG_WARN_DEPRECATED_OBJC_IMPLEMENTATIONS = YES;
				CLANG_WARN_DIRECT_OBJC_ISA_USAGE = YES_ERROR;
				CLANG_WARN_DOCUMENTATION_COMMENTS = YES;
				CLANG_WARN_EMPTY_BODY = YES;
				CLANG_WARN_ENUM_CONVERSION = YES;
				CLANG_WARN_INFINITE_RECURSION = YES;
				CLANG_WARN_INT_CONVERSION = YES;
				CLANG_WARN_NON_LITERAL_NULL_CONVERSION = YES;
				CLANG_WARN_OBJC_IMPLICIT_RETAIN_SELF = YES;
				CLANG_WARN_OBJC_LITERAL_CONVERSION = YES;
				CLANG_WARN_OBJC_ROOT_CLASS = YES_ERROR;
				CLANG_WARN_RANGE_LOOP_ANALYSIS = YES;
				CLANG_WARN_STRICT_PROTOTYPES = YES;
				CLANG_WARN_SUSPICIOUS_MOVE = YES;
				CLANG_WARN_UNGUARDED_AVAILABILITY = YES_AGGRESSIVE;
				CLANG_WARN_UNREACHABLE_CODE = YES;
				CLANG_WARN__DUPLICATE_METHOD_MATCH = YES;
				CODE_SIGN_IDENTITY = "iPhone Developer";
				COPY_PHASE_STRIP = NO;
				DEBUG_INFORMATION_FORMAT = dwarf;
				ENABLE_STRICT_OBJC_MSGSEND = YES;
				ENABLE_TESTABILITY = YES;
				GCC_C_LANGUAGE_STANDARD = gnu11;
				GCC_DYNAMIC_NO_PIC = NO;
				GCC_NO_COMMON_BLOCKS = YES;
				GCC_OPTIMIZATION_LEVEL = 0;
				GCC_PREPROCESSOR_DEFINITIONS = (
					"DEBUG=1",
					"$(inherited)",
				);
				GCC_WARN_64_TO_32_BIT_CONVERSION = YES;
				GCC_WARN_ABOUT_RETURN_TYPE = YES_ERROR;
				GCC_WARN_UNDECLARED_SELECTOR = YES;
				GCC_WARN_UNINITIALIZED_AUTOS = YES_AGGRESSIVE;
				GCC_WARN_UNUSED_FUNCTION = YES;
				GCC_WARN_UNUSED_VARIABLE = YES;
				IPHONEOS_DEPLOYMENT_TARGET = 12.1;
				MTL_ENABLE_DEBUG_INFO = INCLUDE_SOURCE;
				MTL_FAST_MATH = YES;
				ONLY_ACTIVE_ARCH = YES;
				SDKROOT = iphoneos;
				SWIFT_ACTIVE_COMPILATION_CONDITIONS = DEBUG;
				SWIFT_OPTIMIZATION_LEVEL = "-Onone";
			};
			name = Debug;
		};
		96520EA22223D66000AB6499 /* Release */ = {
			isa = XCBuildConfiguration;
			buildSettings = {
				ALWAYS_SEARCH_USER_PATHS = NO;
				CLANG_ANALYZER_LOCALIZABILITY_NONLOCALIZED = YES;
				CLANG_ANALYZER_NONNULL = YES;
				CLANG_ANALYZER_NUMBER_OBJECT_CONVERSION = YES_AGGRESSIVE;
				CLANG_CXX_LANGUAGE_STANDARD = "gnu++14";
				CLANG_CXX_LIBRARY = "libc++";
				CLANG_ENABLE_MODULES = YES;
				CLANG_ENABLE_OBJC_ARC = YES;
				CLANG_ENABLE_OBJC_WEAK = YES;
				CLANG_WARN_BLOCK_CAPTURE_AUTORELEASING = YES;
				CLANG_WARN_BOOL_CONVERSION = YES;
				CLANG_WARN_COMMA = YES;
				CLANG_WARN_CONSTANT_CONVERSION = YES;
				CLANG_WARN_DEPRECATED_OBJC_IMPLEMENTATIONS = YES;
				CLANG_WARN_DIRECT_OBJC_ISA_USAGE = YES_ERROR;
				CLANG_WARN_DOCUMENTATION_COMMENTS = YES;
				CLANG_WARN_EMPTY_BODY = YES;
				CLANG_WARN_ENUM_CONVERSION = YES;
				CLANG_WARN_INFINITE_RECURSION = YES;
				CLANG_WARN_INT_CONVERSION = YES;
				CLANG_WARN_NON_LITERAL_NULL_CONVERSION = YES;
				CLANG_WARN_OBJC_IMPLICIT_RETAIN_SELF = YES;
				CLANG_WARN_OBJC_LITERAL_CONVERSION = YES;
				CLANG_WARN_OBJC_ROOT_CLASS = YES_ERROR;
				CLANG_WARN_RANGE_LOOP_ANALYSIS = YES;
				CLANG_WARN_STRICT_PROTOTYPES = YES;
				CLANG_WARN_SUSPICIOUS_MOVE = YES;
				CLANG_WARN_UNGUARDED_AVAILABILITY = YES_AGGRESSIVE;
				CLANG_WARN_UNREACHABLE_CODE = YES;
				CLANG_WARN__DUPLICATE_METHOD_MATCH = YES;
				CODE_SIGN_IDENTITY = "iPhone Developer";
				COPY_PHASE_STRIP = NO;
				DEBUG_INFORMATION_FORMAT = "dwarf-with-dsym";
				ENABLE_NS_ASSERTIONS = NO;
				ENABLE_STRICT_OBJC_MSGSEND = YES;
				GCC_C_LANGUAGE_STANDARD = gnu11;
				GCC_NO_COMMON_BLOCKS = YES;
				GCC_WARN_64_TO_32_BIT_CONVERSION = YES;
				GCC_WARN_ABOUT_RETURN_TYPE = YES_ERROR;
				GCC_WARN_UNDECLARED_SELECTOR = YES;
				GCC_WARN_UNINITIALIZED_AUTOS = YES_AGGRESSIVE;
				GCC_WARN_UNUSED_FUNCTION = YES;
				GCC_WARN_UNUSED_VARIABLE = YES;
				IPHONEOS_DEPLOYMENT_TARGET = 12.1;
				MTL_ENABLE_DEBUG_INFO = NO;
				MTL_FAST_MATH = YES;
				SDKROOT = iphoneos;
				SWIFT_COMPILATION_MODE = wholemodule;
				SWIFT_OPTIMIZATION_LEVEL = "-O";
				VALIDATE_PRODUCT = YES;
			};
			name = Release;
		};
		96520EA42223D66000AB6499 /* Debug */ = {
			isa = XCBuildConfiguration;
			buildSettings = {
				APP_VERSION = 1.0.0;
				ASSETCATALOG_COMPILER_APPICON_NAME = AppIcon;
				CODE_SIGN_STYLE = Automatic;
				CONFIG_ENVIRONMENT = Debug;
				DEVELOPMENT_TEAM = FKAQE2Z826;
				FRAMEWORK_SEARCH_PATHS = (
					"$(inherited)",
					"$(PROJECT_DIR)/Carthage/Build/iOS",
				);
				INFOPLIST_FILE = Grades/Info.plist;
				INFOPLIST_PREFIX_HEADER = "$(PROJECT_DIR)/info_preprocess_header.h";
				INFOPLIST_PREPROCESS = YES;
				LD_RUNPATH_SEARCH_PATHS = (
					"$(inherited)",
					"@executable_path/Frameworks",
				);
				PRODUCT_BUNDLE_IDENTIFIER = cz.cvut.fit.Grades;
				PRODUCT_NAME = GradesDev;
				SWIFT_VERSION = 4.2;
				TARGETED_DEVICE_FAMILY = "1,2";
			};
			name = Debug;
		};
		96520EA52223D66000AB6499 /* Release */ = {
			isa = XCBuildConfiguration;
			buildSettings = {
				APP_VERSION = 1.0.0;
				ASSETCATALOG_COMPILER_APPICON_NAME = AppIcon;
				CODE_SIGN_STYLE = Automatic;
				CONFIG_ENVIRONMENT = Release;
				DEVELOPMENT_TEAM = FKAQE2Z826;
				FRAMEWORK_SEARCH_PATHS = (
					"$(inherited)",
					"$(PROJECT_DIR)/Carthage/Build/iOS",
				);
				INFOPLIST_FILE = Grades/Info.plist;
				INFOPLIST_PREFIX_HEADER = "$(PROJECT_DIR)/info_preprocess_header.h";
				INFOPLIST_PREPROCESS = YES;
				LD_RUNPATH_SEARCH_PATHS = (
					"$(inherited)",
					"@executable_path/Frameworks",
				);
				PRODUCT_BUNDLE_IDENTIFIER = cz.cvut.fit.Grades;
				PRODUCT_NAME = "$(TARGET_NAME)";
				SWIFT_VERSION = 4.2;
				TARGETED_DEVICE_FAMILY = "1,2";
			};
			name = Release;
		};
/* End XCBuildConfiguration section */

/* Begin XCConfigurationList section */
		96520E8C2223D65F00AB6499 /* Build configuration list for PBXProject "Grades" */ = {
			isa = XCConfigurationList;
			buildConfigurations = (
				96520EA12223D66000AB6499 /* Debug */,
				96520EA22223D66000AB6499 /* Release */,
			);
			defaultConfigurationIsVisible = 0;
			defaultConfigurationName = Release;
		};
		96520EA32223D66000AB6499 /* Build configuration list for PBXNativeTarget "Grades" */ = {
			isa = XCConfigurationList;
			buildConfigurations = (
				96520EA42223D66000AB6499 /* Debug */,
				96520EA52223D66000AB6499 /* Release */,
			);
			defaultConfigurationIsVisible = 0;
			defaultConfigurationName = Release;
		};
/* End XCConfigurationList section */
	};
	rootObject = 96520E892223D65F00AB6499 /* Project object */;
}
